
Microsoft Visual Studio Solution File, Format Version 12.00
# Visual Studio Version 17
VisualStudioVersion = 17.0.31912.275
MinimumVisualStudioVersion = 10.0.40219.1
Project("{9A19103F-16F7-4668-BE54-9A1E7A4F7556}") = "TimeTracker", "TimeTracker\TimeTracker.csproj", "{0D2882E9-4C04-4648-B64A-2242832DF552}"
EndProject
Project("{9A19103F-16F7-4668-BE54-9A1E7A4F7556}") = "AAV.WPF", "..\..\..\AAV.Shared\Src\Net6.0\AAV.WPF\AAV.WPF.csproj", "{62D03895-DCCF-46CA-B8A5-89CCE6065339}"
EndProject
Project("{9A19103F-16F7-4668-BE54-9A1E7A4F7556}") = "Db.TimeTrack", "Db.TimeTrack\Db.TimeTrack.csproj", "{7599C446-8712-4A26-8A22-CD1FBD117347}"
EndProject
Project("{9A19103F-16F7-4668-BE54-9A1E7A4F7556}") = "AAV.Common.MVVM", "AAV.Common.MVVM\AAV.Common.MVVM.csproj", "{9FBE3F1D-107C-4491-B729-1CDD5C8F7910}"
EndProject
Project("{9A19103F-16F7-4668-BE54-9A1E7A4F7556}") = "AAV.Common.UI", "AAV.Common.UI\AAV.Common.UI.csproj", "{FFB8C99B-645D-4DA4-985C-A0CDF96A8757}"
EndProject
Project("{9A19103F-16F7-4668-BE54-9A1E7A4F7556}") = "InvoiceCreator.PDF", "InvoiceCreator.PDF\InvoiceCreator.PDF.csproj", "{E32AED14-FAD1-4E79-B034-8B9943DE2DC6}"
EndProject
Project("{9A19103F-16F7-4668-BE54-9A1E7A4F7556}") = "AmbienceLib", "..\..\..\AAV.Shared\Src\NetLts\Ambience\AmbienceLib.csproj", "{0FD3B591-1A10-4A1A-B443-D26114C4B933}"
EndProject
Project("{9A19103F-16F7-4668-BE54-9A1E7A4F7556}") = "AAV.Sys.8.0", "..\..\..\AAV.Shared\Src\Net6.0\AAV.Sys\AAV.Sys.8.0.csproj", "{F675FAD4-8D5E-4110-9398-1C05B4E252CB}"
EndProject
Project("{9A19103F-16F7-4668-BE54-9A1E7A4F7556}") = "StandardLib", "..\..\..\AAV.Shared\Src\NetLts\StandardLib\StandardLib.csproj", "{570AE7EE-CA8C-4264-8C49-C3851A381641}"
EndProject
Project("{9A19103F-16F7-4668-BE54-9A1E7A4F7556}") = "StandardContractsLib", "..\..\..\AAV.Shared\Src\NetLts\StandardContractsLib\StandardContractsLib.csproj", "{16A2D969-2AA2-4F76-B3F4-3075F031F125}"
EndProject
Project("{9A19103F-16F7-4668-BE54-9A1E7A4F7556}") = "EfDbHelperLib", "..\..\..\AAV.Shared\Src\NetLts\EfDbHelperLib\EfDbHelperLib.csproj", "{9F0B92EF-AAF4-411C-BFFF-3FFED853A0D3}"
EndProject
Project("{9A19103F-16F7-4668-BE54-9A1E7A4F7556}") = "Db.EventLog", "..\..\..\ScSv\Src\AlexPi.Scr\Db.EventLog\Db.EventLog.csproj", "{B599B0F5-553B-4F22-893B-698C9F3178BF}"
EndProject
Global
	GlobalSection(SolutionConfigurationPlatforms) = preSolution
		BldRls|Any CPU = BldRls|Any CPU
		BldRls|x64 = BldRls|x64
		BldRls|x86 = BldRls|x86
		Debug|Any CPU = Debug|Any CPU
		Debug|x64 = Debug|x64
		Debug|x86 = Debug|x86
		Release|Any CPU = Release|Any CPU
		Release|x64 = Release|x64
		Release|x86 = Release|x86
	EndGlobalSection
	GlobalSection(ProjectConfigurationPlatforms) = postSolution
		{0D2882E9-4C04-4648-B64A-2242832DF552}.BldRls|Any CPU.ActiveCfg = Release|Any CPU
		{0D2882E9-4C04-4648-B64A-2242832DF552}.BldRls|Any CPU.Build.0 = Release|Any CPU
		{0D2882E9-4C04-4648-B64A-2242832DF552}.BldRls|x64.ActiveCfg = Release|Any CPU
		{0D2882E9-4C04-4648-B64A-2242832DF552}.BldRls|x64.Build.0 = Release|Any CPU
		{0D2882E9-4C04-4648-B64A-2242832DF552}.BldRls|x86.ActiveCfg = Release|Any CPU
		{0D2882E9-4C04-4648-B64A-2242832DF552}.BldRls|x86.Build.0 = Release|Any CPU
		{0D2882E9-4C04-4648-B64A-2242832DF552}.Debug|Any CPU.ActiveCfg = Debug|Any CPU
		{0D2882E9-4C04-4648-B64A-2242832DF552}.Debug|Any CPU.Build.0 = Debug|Any CPU
		{0D2882E9-4C04-4648-B64A-2242832DF552}.Debug|x64.ActiveCfg = Debug|Any CPU
		{0D2882E9-4C04-4648-B64A-2242832DF552}.Debug|x64.Build.0 = Debug|Any CPU
		{0D2882E9-4C04-4648-B64A-2242832DF552}.Debug|x86.ActiveCfg = Debug|Any CPU
		{0D2882E9-4C04-4648-B64A-2242832DF552}.Debug|x86.Build.0 = Debug|Any CPU
		{0D2882E9-4C04-4648-B64A-2242832DF552}.Release|Any CPU.ActiveCfg = Release|Any CPU
		{0D2882E9-4C04-4648-B64A-2242832DF552}.Release|Any CPU.Build.0 = Release|Any CPU
		{0D2882E9-4C04-4648-B64A-2242832DF552}.Release|x64.ActiveCfg = Release|Any CPU
		{0D2882E9-4C04-4648-B64A-2242832DF552}.Release|x64.Build.0 = Release|Any CPU
		{0D2882E9-4C04-4648-B64A-2242832DF552}.Release|x86.ActiveCfg = Release|Any CPU
		{0D2882E9-4C04-4648-B64A-2242832DF552}.Release|x86.Build.0 = Release|Any CPU
		{62D03895-DCCF-46CA-B8A5-89CCE6065339}.BldRls|Any CPU.ActiveCfg = BldRls|Any CPU
		{62D03895-DCCF-46CA-B8A5-89CCE6065339}.BldRls|Any CPU.Build.0 = BldRls|Any CPU
		{62D03895-DCCF-46CA-B8A5-89CCE6065339}.BldRls|x64.ActiveCfg = BldRls|x64
		{62D03895-DCCF-46CA-B8A5-89CCE6065339}.BldRls|x64.Build.0 = BldRls|x64
		{62D03895-DCCF-46CA-B8A5-89CCE6065339}.BldRls|x86.ActiveCfg = BldRls|Any CPU
		{62D03895-DCCF-46CA-B8A5-89CCE6065339}.BldRls|x86.Build.0 = BldRls|Any CPU
		{62D03895-DCCF-46CA-B8A5-89CCE6065339}.Debug|Any CPU.ActiveCfg = Debug|Any CPU
		{62D03895-DCCF-46CA-B8A5-89CCE6065339}.Debug|Any CPU.Build.0 = Debug|Any CPU
		{62D03895-DCCF-46CA-B8A5-89CCE6065339}.Debug|x64.ActiveCfg = Debug|Any CPU
		{62D03895-DCCF-46CA-B8A5-89CCE6065339}.Debug|x64.Build.0 = Debug|Any CPU
		{62D03895-DCCF-46CA-B8A5-89CCE6065339}.Debug|x86.ActiveCfg = Debug|Any CPU
		{62D03895-DCCF-46CA-B8A5-89CCE6065339}.Debug|x86.Build.0 = Debug|Any CPU
		{62D03895-DCCF-46CA-B8A5-89CCE6065339}.Release|Any CPU.ActiveCfg = Release|Any CPU
		{62D03895-DCCF-46CA-B8A5-89CCE6065339}.Release|Any CPU.Build.0 = Release|Any CPU
		{62D03895-DCCF-46CA-B8A5-89CCE6065339}.Release|x64.ActiveCfg = Release|Any CPU
		{62D03895-DCCF-46CA-B8A5-89CCE6065339}.Release|x64.Build.0 = Release|Any CPU
		{62D03895-DCCF-46CA-B8A5-89CCE6065339}.Release|x86.ActiveCfg = Release|Any CPU
		{62D03895-DCCF-46CA-B8A5-89CCE6065339}.Release|x86.Build.0 = Release|Any CPU
		{7599C446-8712-4A26-8A22-CD1FBD117347}.BldRls|Any CPU.ActiveCfg = Release|Any CPU
		{7599C446-8712-4A26-8A22-CD1FBD117347}.BldRls|Any CPU.Build.0 = Release|Any CPU
		{7599C446-8712-4A26-8A22-CD1FBD117347}.BldRls|x64.ActiveCfg = Release|Any CPU
		{7599C446-8712-4A26-8A22-CD1FBD117347}.BldRls|x64.Build.0 = Release|Any CPU
		{7599C446-8712-4A26-8A22-CD1FBD117347}.BldRls|x86.ActiveCfg = Release|Any CPU
		{7599C446-8712-4A26-8A22-CD1FBD117347}.BldRls|x86.Build.0 = Release|Any CPU
		{7599C446-8712-4A26-8A22-CD1FBD117347}.Debug|Any CPU.ActiveCfg = Debug|Any CPU
		{7599C446-8712-4A26-8A22-CD1FBD117347}.Debug|Any CPU.Build.0 = Debug|Any CPU
		{7599C446-8712-4A26-8A22-CD1FBD117347}.Debug|x64.ActiveCfg = Debug|Any CPU
		{7599C446-8712-4A26-8A22-CD1FBD117347}.Debug|x64.Build.0 = Debug|Any CPU
		{7599C446-8712-4A26-8A22-CD1FBD117347}.Debug|x86.ActiveCfg = Debug|Any CPU
		{7599C446-8712-4A26-8A22-CD1FBD117347}.Debug|x86.Build.0 = Debug|Any CPU
		{7599C446-8712-4A26-8A22-CD1FBD117347}.Release|Any CPU.ActiveCfg = Release|Any CPU
		{7599C446-8712-4A26-8A22-CD1FBD117347}.Release|Any CPU.Build.0 = Release|Any CPU
		{7599C446-8712-4A26-8A22-CD1FBD117347}.Release|x64.ActiveCfg = Release|Any CPU
		{7599C446-8712-4A26-8A22-CD1FBD117347}.Release|x64.Build.0 = Release|Any CPU
		{7599C446-8712-4A26-8A22-CD1FBD117347}.Release|x86.ActiveCfg = Release|Any CPU
		{7599C446-8712-4A26-8A22-CD1FBD117347}.Release|x86.Build.0 = Release|Any CPU
		{9FBE3F1D-107C-4491-B729-1CDD5C8F7910}.BldRls|Any CPU.ActiveCfg = Release|Any CPU
		{9FBE3F1D-107C-4491-B729-1CDD5C8F7910}.BldRls|Any CPU.Build.0 = Release|Any CPU
		{9FBE3F1D-107C-4491-B729-1CDD5C8F7910}.BldRls|x64.ActiveCfg = Release|Any CPU
		{9FBE3F1D-107C-4491-B729-1CDD5C8F7910}.BldRls|x64.Build.0 = Release|Any CPU
		{9FBE3F1D-107C-4491-B729-1CDD5C8F7910}.BldRls|x86.ActiveCfg = Release|Any CPU
		{9FBE3F1D-107C-4491-B729-1CDD5C8F7910}.BldRls|x86.Build.0 = Release|Any CPU
		{9FBE3F1D-107C-4491-B729-1CDD5C8F7910}.Debug|Any CPU.ActiveCfg = Debug|Any CPU
		{9FBE3F1D-107C-4491-B729-1CDD5C8F7910}.Debug|Any CPU.Build.0 = Debug|Any CPU
		{9FBE3F1D-107C-4491-B729-1CDD5C8F7910}.Debug|x64.ActiveCfg = Debug|Any CPU
		{9FBE3F1D-107C-4491-B729-1CDD5C8F7910}.Debug|x64.Build.0 = Debug|Any CPU
		{9FBE3F1D-107C-4491-B729-1CDD5C8F7910}.Debug|x86.ActiveCfg = Debug|Any CPU
		{9FBE3F1D-107C-4491-B729-1CDD5C8F7910}.Debug|x86.Build.0 = Debug|Any CPU
		{9FBE3F1D-107C-4491-B729-1CDD5C8F7910}.Release|Any CPU.ActiveCfg = Release|Any CPU
		{9FBE3F1D-107C-4491-B729-1CDD5C8F7910}.Release|Any CPU.Build.0 = Release|Any CPU
		{9FBE3F1D-107C-4491-B729-1CDD5C8F7910}.Release|x64.ActiveCfg = Release|Any CPU
		{9FBE3F1D-107C-4491-B729-1CDD5C8F7910}.Release|x64.Build.0 = Release|Any CPU
		{9FBE3F1D-107C-4491-B729-1CDD5C8F7910}.Release|x86.ActiveCfg = Release|Any CPU
		{9FBE3F1D-107C-4491-B729-1CDD5C8F7910}.Release|x86.Build.0 = Release|Any CPU
		{FFB8C99B-645D-4DA4-985C-A0CDF96A8757}.BldRls|Any CPU.ActiveCfg = Release|Any CPU
		{FFB8C99B-645D-4DA4-985C-A0CDF96A8757}.BldRls|Any CPU.Build.0 = Release|Any CPU
		{FFB8C99B-645D-4DA4-985C-A0CDF96A8757}.BldRls|x64.ActiveCfg = Release|Any CPU
		{FFB8C99B-645D-4DA4-985C-A0CDF96A8757}.BldRls|x64.Build.0 = Release|Any CPU
		{FFB8C99B-645D-4DA4-985C-A0CDF96A8757}.BldRls|x86.ActiveCfg = Release|Any CPU
		{FFB8C99B-645D-4DA4-985C-A0CDF96A8757}.BldRls|x86.Build.0 = Release|Any CPU
		{FFB8C99B-645D-4DA4-985C-A0CDF96A8757}.Debug|Any CPU.ActiveCfg = Debug|Any CPU
		{FFB8C99B-645D-4DA4-985C-A0CDF96A8757}.Debug|Any CPU.Build.0 = Debug|Any CPU
		{FFB8C99B-645D-4DA4-985C-A0CDF96A8757}.Debug|x64.ActiveCfg = Debug|Any CPU
		{FFB8C99B-645D-4DA4-985C-A0CDF96A8757}.Debug|x64.Build.0 = Debug|Any CPU
		{FFB8C99B-645D-4DA4-985C-A0CDF96A8757}.Debug|x86.ActiveCfg = Debug|Any CPU
		{FFB8C99B-645D-4DA4-985C-A0CDF96A8757}.Debug|x86.Build.0 = Debug|Any CPU
		{FFB8C99B-645D-4DA4-985C-A0CDF96A8757}.Release|Any CPU.ActiveCfg = Release|Any CPU
		{FFB8C99B-645D-4DA4-985C-A0CDF96A8757}.Release|Any CPU.Build.0 = Release|Any CPU
		{FFB8C99B-645D-4DA4-985C-A0CDF96A8757}.Release|x64.ActiveCfg = Release|Any CPU
		{FFB8C99B-645D-4DA4-985C-A0CDF96A8757}.Release|x64.Build.0 = Release|Any CPU
		{FFB8C99B-645D-4DA4-985C-A0CDF96A8757}.Release|x86.ActiveCfg = Release|Any CPU
		{FFB8C99B-645D-4DA4-985C-A0CDF96A8757}.Release|x86.Build.0 = Release|Any CPU
		{E32AED14-FAD1-4E79-B034-8B9943DE2DC6}.BldRls|Any CPU.ActiveCfg = Release|Any CPU
		{E32AED14-FAD1-4E79-B034-8B9943DE2DC6}.BldRls|Any CPU.Build.0 = Release|Any CPU
		{E32AED14-FAD1-4E79-B034-8B9943DE2DC6}.BldRls|x64.ActiveCfg = Release|Any CPU
		{E32AED14-FAD1-4E79-B034-8B9943DE2DC6}.BldRls|x64.Build.0 = Release|Any CPU
		{E32AED14-FAD1-4E79-B034-8B9943DE2DC6}.BldRls|x86.ActiveCfg = Release|Any CPU
		{E32AED14-FAD1-4E79-B034-8B9943DE2DC6}.BldRls|x86.Build.0 = Release|Any CPU
		{E32AED14-FAD1-4E79-B034-8B9943DE2DC6}.Debug|Any CPU.ActiveCfg = Debug|Any CPU
		{E32AED14-FAD1-4E79-B034-8B9943DE2DC6}.Debug|Any CPU.Build.0 = Debug|Any CPU
		{E32AED14-FAD1-4E79-B034-8B9943DE2DC6}.Debug|x64.ActiveCfg = Debug|Any CPU
		{E32AED14-FAD1-4E79-B034-8B9943DE2DC6}.Debug|x64.Build.0 = Debug|Any CPU
		{E32AED14-FAD1-4E79-B034-8B9943DE2DC6}.Debug|x86.ActiveCfg = Debug|Any CPU
		{E32AED14-FAD1-4E79-B034-8B9943DE2DC6}.Debug|x86.Build.0 = Debug|Any CPU
		{E32AED14-FAD1-4E79-B034-8B9943DE2DC6}.Release|Any CPU.ActiveCfg = Release|Any CPU
		{E32AED14-FAD1-4E79-B034-8B9943DE2DC6}.Release|Any CPU.Build.0 = Release|Any CPU
		{E32AED14-FAD1-4E79-B034-8B9943DE2DC6}.Release|x64.ActiveCfg = Release|Any CPU
		{E32AED14-FAD1-4E79-B034-8B9943DE2DC6}.Release|x64.Build.0 = Release|Any CPU
		{E32AED14-FAD1-4E79-B034-8B9943DE2DC6}.Release|x86.ActiveCfg = Release|Any CPU
		{E32AED14-FAD1-4E79-B034-8B9943DE2DC6}.Release|x86.Build.0 = Release|Any CPU
		{0FD3B591-1A10-4A1A-B443-D26114C4B933}.BldRls|Any CPU.ActiveCfg = Release|Any CPU
		{0FD3B591-1A10-4A1A-B443-D26114C4B933}.BldRls|Any CPU.Build.0 = Release|Any CPU
		{0FD3B591-1A10-4A1A-B443-D26114C4B933}.BldRls|x64.ActiveCfg = Release|x64
		{0FD3B591-1A10-4A1A-B443-D26114C4B933}.BldRls|x64.Build.0 = Release|x64
		{0FD3B591-1A10-4A1A-B443-D26114C4B933}.BldRls|x86.ActiveCfg = Release|Any CPU
		{0FD3B591-1A10-4A1A-B443-D26114C4B933}.BldRls|x86.Build.0 = Release|Any CPU
		{0FD3B591-1A10-4A1A-B443-D26114C4B933}.Debug|Any CPU.ActiveCfg = Debug|Any CPU
		{0FD3B591-1A10-4A1A-B443-D26114C4B933}.Debug|Any CPU.Build.0 = Debug|Any CPU
		{0FD3B591-1A10-4A1A-B443-D26114C4B933}.Debug|x64.ActiveCfg = Debug|x64
		{0FD3B591-1A10-4A1A-B443-D26114C4B933}.Debug|x64.Build.0 = Debug|x64
		{0FD3B591-1A10-4A1A-B443-D26114C4B933}.Debug|x86.ActiveCfg = Debug|Any CPU
		{0FD3B591-1A10-4A1A-B443-D26114C4B933}.Debug|x86.Build.0 = Debug|Any CPU
		{0FD3B591-1A10-4A1A-B443-D26114C4B933}.Release|Any CPU.ActiveCfg = Release|Any CPU
		{0FD3B591-1A10-4A1A-B443-D26114C4B933}.Release|Any CPU.Build.0 = Release|Any CPU
		{0FD3B591-1A10-4A1A-B443-D26114C4B933}.Release|x64.ActiveCfg = Release|x64
		{0FD3B591-1A10-4A1A-B443-D26114C4B933}.Release|x64.Build.0 = Release|x64
		{0FD3B591-1A10-4A1A-B443-D26114C4B933}.Release|x86.ActiveCfg = Release|Any CPU
		{0FD3B591-1A10-4A1A-B443-D26114C4B933}.Release|x86.Build.0 = Release|Any CPU
		{F675FAD4-8D5E-4110-9398-1C05B4E252CB}.BldRls|Any CPU.ActiveCfg = BldRls|Any CPU
		{F675FAD4-8D5E-4110-9398-1C05B4E252CB}.BldRls|Any CPU.Build.0 = BldRls|Any CPU
		{F675FAD4-8D5E-4110-9398-1C05B4E252CB}.BldRls|x64.ActiveCfg = BldRls|x64
		{F675FAD4-8D5E-4110-9398-1C05B4E252CB}.BldRls|x64.Build.0 = BldRls|x64
		{F675FAD4-8D5E-4110-9398-1C05B4E252CB}.BldRls|x86.ActiveCfg = BldRls|Any CPU
		{F675FAD4-8D5E-4110-9398-1C05B4E252CB}.BldRls|x86.Build.0 = BldRls|Any CPU
		{F675FAD4-8D5E-4110-9398-1C05B4E252CB}.Debug|Any CPU.ActiveCfg = Debug|Any CPU
		{F675FAD4-8D5E-4110-9398-1C05B4E252CB}.Debug|Any CPU.Build.0 = Debug|Any CPU
		{F675FAD4-8D5E-4110-9398-1C05B4E252CB}.Debug|x64.ActiveCfg = Debug|x64
		{F675FAD4-8D5E-4110-9398-1C05B4E252CB}.Debug|x64.Build.0 = Debug|x64
		{F675FAD4-8D5E-4110-9398-1C05B4E252CB}.Debug|x86.ActiveCfg = Debug|Any CPU
		{F675FAD4-8D5E-4110-9398-1C05B4E252CB}.Debug|x86.Build.0 = Debug|Any CPU
		{F675FAD4-8D5E-4110-9398-1C05B4E252CB}.Release|Any CPU.ActiveCfg = Release|Any CPU
		{F675FAD4-8D5E-4110-9398-1C05B4E252CB}.Release|Any CPU.Build.0 = Release|Any CPU
		{F675FAD4-8D5E-4110-9398-1C05B4E252CB}.Release|x64.ActiveCfg = Release|x64
		{F675FAD4-8D5E-4110-9398-1C05B4E252CB}.Release|x64.Build.0 = Release|x64
		{F675FAD4-8D5E-4110-9398-1C05B4E252CB}.Release|x86.ActiveCfg = Release|Any CPU
		{F675FAD4-8D5E-4110-9398-1C05B4E252CB}.Release|x86.Build.0 = Release|Any CPU
		{570AE7EE-CA8C-4264-8C49-C3851A381641}.BldRls|Any CPU.ActiveCfg = Debug|Any CPU
		{570AE7EE-CA8C-4264-8C49-C3851A381641}.BldRls|Any CPU.Build.0 = Debug|Any CPU
		{570AE7EE-CA8C-4264-8C49-C3851A381641}.BldRls|x64.ActiveCfg = Debug|x64
		{570AE7EE-CA8C-4264-8C49-C3851A381641}.BldRls|x64.Build.0 = Debug|x64
		{570AE7EE-CA8C-4264-8C49-C3851A381641}.BldRls|x86.ActiveCfg = Debug|Any CPU
		{570AE7EE-CA8C-4264-8C49-C3851A381641}.BldRls|x86.Build.0 = Debug|Any CPU
		{570AE7EE-CA8C-4264-8C49-C3851A381641}.Debug|Any CPU.ActiveCfg = Debug|Any CPU
		{570AE7EE-CA8C-4264-8C49-C3851A381641}.Debug|Any CPU.Build.0 = Debug|Any CPU
		{570AE7EE-CA8C-4264-8C49-C3851A381641}.Debug|x64.ActiveCfg = Debug|x64
		{570AE7EE-CA8C-4264-8C49-C3851A381641}.Debug|x64.Build.0 = Debug|x64
		{570AE7EE-CA8C-4264-8C49-C3851A381641}.Debug|x86.ActiveCfg = Debug|Any CPU
		{570AE7EE-CA8C-4264-8C49-C3851A381641}.Debug|x86.Build.0 = Debug|Any CPU
		{570AE7EE-CA8C-4264-8C49-C3851A381641}.Release|Any CPU.ActiveCfg = Release|Any CPU
		{570AE7EE-CA8C-4264-8C49-C3851A381641}.Release|Any CPU.Build.0 = Release|Any CPU
		{570AE7EE-CA8C-4264-8C49-C3851A381641}.Release|x64.ActiveCfg = Release|x64
		{570AE7EE-CA8C-4264-8C49-C3851A381641}.Release|x64.Build.0 = Release|x64
		{570AE7EE-CA8C-4264-8C49-C3851A381641}.Release|x86.ActiveCfg = Release|Any CPU
		{570AE7EE-CA8C-4264-8C49-C3851A381641}.Release|x86.Build.0 = Release|Any CPU
		{16A2D969-2AA2-4F76-B3F4-3075F031F125}.BldRls|Any CPU.ActiveCfg = Debug|Any CPU
		{16A2D969-2AA2-4F76-B3F4-3075F031F125}.BldRls|Any CPU.Build.0 = Debug|Any CPU
		{16A2D969-2AA2-4F76-B3F4-3075F031F125}.BldRls|x64.ActiveCfg = Debug|x64
		{16A2D969-2AA2-4F76-B3F4-3075F031F125}.BldRls|x64.Build.0 = Debug|x64
		{16A2D969-2AA2-4F76-B3F4-3075F031F125}.BldRls|x86.ActiveCfg = Debug|Any CPU
		{16A2D969-2AA2-4F76-B3F4-3075F031F125}.BldRls|x86.Build.0 = Debug|Any CPU
		{16A2D969-2AA2-4F76-B3F4-3075F031F125}.Debug|Any CPU.ActiveCfg = Debug|Any CPU
		{16A2D969-2AA2-4F76-B3F4-3075F031F125}.Debug|Any CPU.Build.0 = Debug|Any CPU
		{16A2D969-2AA2-4F76-B3F4-3075F031F125}.Debug|x64.ActiveCfg = Debug|x64
		{16A2D969-2AA2-4F76-B3F4-3075F031F125}.Debug|x64.Build.0 = Debug|x64
		{16A2D969-2AA2-4F76-B3F4-3075F031F125}.Debug|x86.ActiveCfg = Debug|Any CPU
		{16A2D969-2AA2-4F76-B3F4-3075F031F125}.Debug|x86.Build.0 = Debug|Any CPU
		{16A2D969-2AA2-4F76-B3F4-3075F031F125}.Release|Any CPU.ActiveCfg = Release|Any CPU
		{16A2D969-2AA2-4F76-B3F4-3075F031F125}.Release|Any CPU.Build.0 = Release|Any CPU
		{16A2D969-2AA2-4F76-B3F4-3075F031F125}.Release|x64.ActiveCfg = Release|x64
		{16A2D969-2AA2-4F76-B3F4-3075F031F125}.Release|x64.Build.0 = Release|x64
		{16A2D969-2AA2-4F76-B3F4-3075F031F125}.Release|x86.ActiveCfg = Release|Any CPU
		{16A2D969-2AA2-4F76-B3F4-3075F031F125}.Release|x86.Build.0 = Release|Any CPU
		{9F0B92EF-AAF4-411C-BFFF-3FFED853A0D3}.BldRls|Any CPU.ActiveCfg = Debug|Any CPU
		{9F0B92EF-AAF4-411C-BFFF-3FFED853A0D3}.BldRls|Any CPU.Build.0 = Debug|Any CPU
		{9F0B92EF-AAF4-411C-BFFF-3FFED853A0D3}.BldRls|x64.ActiveCfg = Debug|x64
		{9F0B92EF-AAF4-411C-BFFF-3FFED853A0D3}.BldRls|x64.Build.0 = Debug|x64
		{9F0B92EF-AAF4-411C-BFFF-3FFED853A0D3}.BldRls|x86.ActiveCfg = Debug|x86
		{9F0B92EF-AAF4-411C-BFFF-3FFED853A0D3}.BldRls|x86.Build.0 = Debug|x86
		{9F0B92EF-AAF4-411C-BFFF-3FFED853A0D3}.Debug|Any CPU.ActiveCfg = Debug|Any CPU
		{9F0B92EF-AAF4-411C-BFFF-3FFED853A0D3}.Debug|Any CPU.Build.0 = Debug|Any CPU
		{9F0B92EF-AAF4-411C-BFFF-3FFED853A0D3}.Debug|x64.ActiveCfg = Debug|x64
		{9F0B92EF-AAF4-411C-BFFF-3FFED853A0D3}.Debug|x64.Build.0 = Debug|x64
		{9F0B92EF-AAF4-411C-BFFF-3FFED853A0D3}.Debug|x86.ActiveCfg = Debug|x86
		{9F0B92EF-AAF4-411C-BFFF-3FFED853A0D3}.Debug|x86.Build.0 = Debug|x86
		{9F0B92EF-AAF4-411C-BFFF-3FFED853A0D3}.Release|Any CPU.ActiveCfg = Release|Any CPU
		{9F0B92EF-AAF4-411C-BFFF-3FFED853A0D3}.Release|Any CPU.Build.0 = Release|Any CPU
		{9F0B92EF-AAF4-411C-BFFF-3FFED853A0D3}.Release|x64.ActiveCfg = Release|x64
		{9F0B92EF-AAF4-411C-BFFF-3FFED853A0D3}.Release|x64.Build.0 = Release|x64
		{9F0B92EF-AAF4-411C-BFFF-3FFED853A0D3}.Release|x86.ActiveCfg = Release|x86
		{9F0B92EF-AAF4-411C-BFFF-3FFED853A0D3}.Release|x86.Build.0 = Release|x86
		{B599B0F5-553B-4F22-893B-698C9F3178BF}.BldRls|Any CPU.ActiveCfg = Debug|Any CPU
		{B599B0F5-553B-4F22-893B-698C9F3178BF}.BldRls|Any CPU.Build.0 = Debug|Any CPU
		{B599B0F5-553B-4F22-893B-698C9F3178BF}.BldRls|x64.ActiveCfg = Debug|x64
		{B599B0F5-553B-4F22-893B-698C9F3178BF}.BldRls|x64.Build.0 = Debug|x64
		{B599B0F5-553B-4F22-893B-698C9F3178BF}.BldRls|x86.ActiveCfg = Debug|Any CPU
		{B599B0F5-553B-4F22-893B-698C9F3178BF}.BldRls|x86.Build.0 = Debug|Any CPU
		{B599B0F5-553B-4F22-893B-698C9F3178BF}.Debug|Any CPU.ActiveCfg = Debug|Any CPU
		{B599B0F5-553B-4F22-893B-698C9F3178BF}.Debug|Any CPU.Build.0 = Debug|Any CPU
		{B599B0F5-553B-4F22-893B-698C9F3178BF}.Debug|x64.ActiveCfg = Debug|x64
		{B599B0F5-553B-4F22-893B-698C9F3178BF}.Debug|x64.Build.0 = Debug|x64
		{B599B0F5-553B-4F22-893B-698C9F3178BF}.Debug|x86.ActiveCfg = Debug|Any CPU
		{B599B0F5-553B-4F22-893B-698C9F3178BF}.Debug|x86.Build.0 = Debug|Any CPU
		{B599B0F5-553B-4F22-893B-698C9F3178BF}.Release|Any CPU.ActiveCfg = Release|Any CPU
		{B599B0F5-553B-4F22-893B-698C9F3178BF}.Release|Any CPU.Build.0 = Release|Any CPU
		{B599B0F5-553B-4F22-893B-698C9F3178BF}.Release|x64.ActiveCfg = Release|x64
		{B599B0F5-553B-4F22-893B-698C9F3178BF}.Release|x64.Build.0 = Release|x64
		{B599B0F5-553B-4F22-893B-698C9F3178BF}.Release|x86.ActiveCfg = Release|Any CPU
		{B599B0F5-553B-4F22-893B-698C9F3178BF}.Release|x86.Build.0 = Release|Any CPU
	EndGlobalSection
	GlobalSection(SolutionProperties) = preSolution
		HideSolutionNode = FALSE
	EndGlobalSection
	GlobalSection(ExtensibilityGlobals) = postSolution
		SolutionGuid = {A41F29E3-5AE5-4702-A61E-486BCEEED8AF}
	EndGlobalSection
EndGlobal
