
Microsoft Visual Studio Solution File, Format Version 12.00
# Visual Studio Version 17
VisualStudioVersion = 17.0.31912.275
MinimumVisualStudioVersion = 10.0.40219.1
Project("{9A19103F-16F7-4668-BE54-9A1E7A4F7556}") = "TimeTracker", "TimeTracker\TimeTracker.csproj", "{0D2882E9-4C04-4648-B64A-2242832DF552}"
EndProject
Project("{9A19103F-16F7-4668-BE54-9A1E7A4F7556}") = "AAV.Sys", "..\..\..\AAV.Shared\Src\Net6.0\AAV.Sys\AAV.Sys.csproj", "{93BFF476-32B2-4D6C-B6EA-0ACE93807653}"
EndProject
Project("{9A19103F-16F7-4668-BE54-9A1E7A4F7556}") = "AAV.WPF", "..\..\..\AAV.Shared\Src\Net6.0\AAV.WPF\AAV.WPF.csproj", "{62D03895-DCCF-46CA-B8A5-89CCE6065339}"
EndProject
Project("{9A19103F-16F7-4668-BE54-9A1E7A4F7556}") = "Db.EventLog", "Db.EventLog\Db.EventLog.csproj", "{C4DD064F-7355-4313-A779-DC03E48285B0}"
EndProject
Project("{9A19103F-16F7-4668-BE54-9A1E7A4F7556}") = "Db.TimeTrack", "Db.TimeTrack\Db.TimeTrack.csproj", "{7599C446-8712-4A26-8A22-CD1FBD117347}"
EndProject
Project("{9A19103F-16F7-4668-BE54-9A1E7A4F7556}") = "AAV.Common.MVVM", "AAV.Common.MVVM\AAV.Common.MVVM.csproj", "{9FBE3F1D-107C-4491-B729-1CDD5C8F7910}"
EndProject
Project("{9A19103F-16F7-4668-BE54-9A1E7A4F7556}") = "AAV.Common.UI", "AAV.Common.UI\AAV.Common.UI.csproj", "{FFB8C99B-645D-4DA4-985C-A0CDF96A8757}"
EndProject
Project("{9A19103F-16F7-4668-BE54-9A1E7A4F7556}") = "InvoiceCreator.PDF", "InvoiceCreator.PDF\InvoiceCreator.PDF.csproj", "{E32AED14-FAD1-4E79-B034-8B9943DE2DC6}"
EndProject
Project("{9A19103F-16F7-4668-BE54-9A1E7A4F7556}") = "SpeechSynthLib", "..\..\..\AAV.Shared\Src\Net6.0\SpeechSynthLib\SpeechSynthLib.csproj", "{7D7CF27B-1708-4CF7-A6AE-CD5CCA94BC14}"
EndProject
Project("{9A19103F-16F7-4668-BE54-9A1E7A4F7556}") = "AmbienceLib", "..\..\..\AAV.Shared\Src\Net.CI\Ambience\AmbienceLib.csproj", "{0FD3B591-1A10-4A1A-B443-D26114C4B933}"
EndProject
Global
	GlobalSection(SolutionConfigurationPlatforms) = preSolution
		Debug|Any CPU = Debug|Any CPU
		Debug|x64 = Debug|x64
		Debug|x86 = Debug|x86
		Release|Any CPU = Release|Any CPU
		Release|x64 = Release|x64
		Release|x86 = Release|x86
	EndGlobalSection
	GlobalSection(ProjectConfigurationPlatforms) = postSolution
		{0D2882E9-4C04-4648-B64A-2242832DF552}.Debug|Any CPU.ActiveCfg = Debug|Any CPU
		{0D2882E9-4C04-4648-B64A-2242832DF552}.Debug|Any CPU.Build.0 = Debug|Any CPU
		{0D2882E9-4C04-4648-B64A-2242832DF552}.Debug|x64.ActiveCfg = Debug|Any CPU
		{0D2882E9-4C04-4648-B64A-2242832DF552}.Debug|x64.Build.0 = Debug|Any CPU
		{0D2882E9-4C04-4648-B64A-2242832DF552}.Debug|x86.ActiveCfg = Debug|Any CPU
		{0D2882E9-4C04-4648-B64A-2242832DF552}.Debug|x86.Build.0 = Debug|Any CPU
		{0D2882E9-4C04-4648-B64A-2242832DF552}.Release|Any CPU.ActiveCfg = Release|Any CPU
		{0D2882E9-4C04-4648-B64A-2242832DF552}.Release|Any CPU.Build.0 = Release|Any CPU
		{0D2882E9-4C04-4648-B64A-2242832DF552}.Release|x64.ActiveCfg = Release|Any CPU
		{0D2882E9-4C04-4648-B64A-2242832DF552}.Release|x64.Build.0 = Release|Any CPU
		{0D2882E9-4C04-4648-B64A-2242832DF552}.Release|x86.ActiveCfg = Release|Any CPU
		{0D2882E9-4C04-4648-B64A-2242832DF552}.Release|x86.Build.0 = Release|Any CPU
		{93BFF476-32B2-4D6C-B6EA-0ACE93807653}.Debug|Any CPU.ActiveCfg = Debug|Any CPU
		{93BFF476-32B2-4D6C-B6EA-0ACE93807653}.Debug|Any CPU.Build.0 = Debug|Any CPU
		{93BFF476-32B2-4D6C-B6EA-0ACE93807653}.Debug|x64.ActiveCfg = Debug|Any CPU
		{93BFF476-32B2-4D6C-B6EA-0ACE93807653}.Debug|x64.Build.0 = Debug|Any CPU
		{93BFF476-32B2-4D6C-B6EA-0ACE93807653}.Debug|x86.ActiveCfg = Debug|x86
		{93BFF476-32B2-4D6C-B6EA-0ACE93807653}.Debug|x86.Build.0 = Debug|x86
		{93BFF476-32B2-4D6C-B6EA-0ACE93807653}.Release|Any CPU.ActiveCfg = Release|Any CPU
		{93BFF476-32B2-4D6C-B6EA-0ACE93807653}.Release|Any CPU.Build.0 = Release|Any CPU
		{93BFF476-32B2-4D6C-B6EA-0ACE93807653}.Release|x64.ActiveCfg = Release|Any CPU
		{93BFF476-32B2-4D6C-B6EA-0ACE93807653}.Release|x64.Build.0 = Release|Any CPU
		{93BFF476-32B2-4D6C-B6EA-0ACE93807653}.Release|x86.ActiveCfg = Release|x86
		{93BFF476-32B2-4D6C-B6EA-0ACE93807653}.Release|x86.Build.0 = Release|x86
		{62D03895-DCCF-46CA-B8A5-89CCE6065339}.Debug|Any CPU.ActiveCfg = Debug|Any CPU
		{62D03895-DCCF-46CA-B8A5-89CCE6065339}.Debug|Any CPU.Build.0 = Debug|Any CPU
		{62D03895-DCCF-46CA-B8A5-89CCE6065339}.Debug|x64.ActiveCfg = Debug|Any CPU
		{62D03895-DCCF-46CA-B8A5-89CCE6065339}.Debug|x64.Build.0 = Debug|Any CPU
		{62D03895-DCCF-46CA-B8A5-89CCE6065339}.Debug|x86.ActiveCfg = Debug|Any CPU
		{62D03895-DCCF-46CA-B8A5-89CCE6065339}.Debug|x86.Build.0 = Debug|Any CPU
		{62D03895-DCCF-46CA-B8A5-89CCE6065339}.Release|Any CPU.ActiveCfg = Release|Any CPU
		{62D03895-DCCF-46CA-B8A5-89CCE6065339}.Release|Any CPU.Build.0 = Release|Any CPU
		{62D03895-DCCF-46CA-B8A5-89CCE6065339}.Release|x64.ActiveCfg = Release|Any CPU
		{62D03895-DCCF-46CA-B8A5-89CCE6065339}.Release|x64.Build.0 = Release|Any CPU
		{62D03895-DCCF-46CA-B8A5-89CCE6065339}.Release|x86.ActiveCfg = Release|Any CPU
		{62D03895-DCCF-46CA-B8A5-89CCE6065339}.Release|x86.Build.0 = Release|Any CPU
		{C4DD064F-7355-4313-A779-DC03E48285B0}.Debug|Any CPU.ActiveCfg = Debug|Any CPU
		{C4DD064F-7355-4313-A779-DC03E48285B0}.Debug|Any CPU.Build.0 = Debug|Any CPU
		{C4DD064F-7355-4313-A779-DC03E48285B0}.Debug|x64.ActiveCfg = Debug|Any CPU
		{C4DD064F-7355-4313-A779-DC03E48285B0}.Debug|x64.Build.0 = Debug|Any CPU
		{C4DD064F-7355-4313-A779-DC03E48285B0}.Debug|x86.ActiveCfg = Debug|Any CPU
		{C4DD064F-7355-4313-A779-DC03E48285B0}.Debug|x86.Build.0 = Debug|Any CPU
		{C4DD064F-7355-4313-A779-DC03E48285B0}.Release|Any CPU.ActiveCfg = Release|Any CPU
		{C4DD064F-7355-4313-A779-DC03E48285B0}.Release|Any CPU.Build.0 = Release|Any CPU
		{C4DD064F-7355-4313-A779-DC03E48285B0}.Release|x64.ActiveCfg = Release|Any CPU
		{C4DD064F-7355-4313-A779-DC03E48285B0}.Release|x64.Build.0 = Release|Any CPU
		{C4DD064F-7355-4313-A779-DC03E48285B0}.Release|x86.ActiveCfg = Release|Any CPU
		{C4DD064F-7355-4313-A779-DC03E48285B0}.Release|x86.Build.0 = Release|Any CPU
		{7599C446-8712-4A26-8A22-CD1FBD117347}.Debug|Any CPU.ActiveCfg = Debug|Any CPU
		{7599C446-8712-4A26-8A22-CD1FBD117347}.Debug|Any CPU.Build.0 = Debug|Any CPU
		{7599C446-8712-4A26-8A22-CD1FBD117347}.Debug|x64.ActiveCfg = Debug|Any CPU
		{7599C446-8712-4A26-8A22-CD1FBD117347}.Debug|x64.Build.0 = Debug|Any CPU
		{7599C446-8712-4A26-8A22-CD1FBD117347}.Debug|x86.ActiveCfg = Debug|Any CPU
		{7599C446-8712-4A26-8A22-CD1FBD117347}.Debug|x86.Build.0 = Debug|Any CPU
		{7599C446-8712-4A26-8A22-CD1FBD117347}.Release|Any CPU.ActiveCfg = Release|Any CPU
		{7599C446-8712-4A26-8A22-CD1FBD117347}.Release|Any CPU.Build.0 = Release|Any CPU
		{7599C446-8712-4A26-8A22-CD1FBD117347}.Release|x64.ActiveCfg = Release|Any CPU
		{7599C446-8712-4A26-8A22-CD1FBD117347}.Release|x64.Build.0 = Release|Any CPU
		{7599C446-8712-4A26-8A22-CD1FBD117347}.Release|x86.ActiveCfg = Release|Any CPU
		{7599C446-8712-4A26-8A22-CD1FBD117347}.Release|x86.Build.0 = Release|Any CPU
		{9FBE3F1D-107C-4491-B729-1CDD5C8F7910}.Debug|Any CPU.ActiveCfg = Debug|Any CPU
		{9FBE3F1D-107C-4491-B729-1CDD5C8F7910}.Debug|Any CPU.Build.0 = Debug|Any CPU
		{9FBE3F1D-107C-4491-B729-1CDD5C8F7910}.Debug|x64.ActiveCfg = Debug|Any CPU
		{9FBE3F1D-107C-4491-B729-1CDD5C8F7910}.Debug|x64.Build.0 = Debug|Any CPU
		{9FBE3F1D-107C-4491-B729-1CDD5C8F7910}.Debug|x86.ActiveCfg = Debug|Any CPU
		{9FBE3F1D-107C-4491-B729-1CDD5C8F7910}.Debug|x86.Build.0 = Debug|Any CPU
		{9FBE3F1D-107C-4491-B729-1CDD5C8F7910}.Release|Any CPU.ActiveCfg = Release|Any CPU
		{9FBE3F1D-107C-4491-B729-1CDD5C8F7910}.Release|Any CPU.Build.0 = Release|Any CPU
		{9FBE3F1D-107C-4491-B729-1CDD5C8F7910}.Release|x64.ActiveCfg = Release|Any CPU
		{9FBE3F1D-107C-4491-B729-1CDD5C8F7910}.Release|x64.Build.0 = Release|Any CPU
		{9FBE3F1D-107C-4491-B729-1CDD5C8F7910}.Release|x86.ActiveCfg = Release|Any CPU
		{9FBE3F1D-107C-4491-B729-1CDD5C8F7910}.Release|x86.Build.0 = Release|Any CPU
		{FFB8C99B-645D-4DA4-985C-A0CDF96A8757}.Debug|Any CPU.ActiveCfg = Debug|Any CPU
		{FFB8C99B-645D-4DA4-985C-A0CDF96A8757}.Debug|Any CPU.Build.0 = Debug|Any CPU
		{FFB8C99B-645D-4DA4-985C-A0CDF96A8757}.Debug|x64.ActiveCfg = Debug|Any CPU
		{FFB8C99B-645D-4DA4-985C-A0CDF96A8757}.Debug|x64.Build.0 = Debug|Any CPU
		{FFB8C99B-645D-4DA4-985C-A0CDF96A8757}.Debug|x86.ActiveCfg = Debug|Any CPU
		{FFB8C99B-645D-4DA4-985C-A0CDF96A8757}.Debug|x86.Build.0 = Debug|Any CPU
		{FFB8C99B-645D-4DA4-985C-A0CDF96A8757}.Release|Any CPU.ActiveCfg = Release|Any CPU
		{FFB8C99B-645D-4DA4-985C-A0CDF96A8757}.Release|Any CPU.Build.0 = Release|Any CPU
		{FFB8C99B-645D-4DA4-985C-A0CDF96A8757}.Release|x64.ActiveCfg = Release|Any CPU
		{FFB8C99B-645D-4DA4-985C-A0CDF96A8757}.Release|x64.Build.0 = Release|Any CPU
		{FFB8C99B-645D-4DA4-985C-A0CDF96A8757}.Release|x86.ActiveCfg = Release|Any CPU
		{FFB8C99B-645D-4DA4-985C-A0CDF96A8757}.Release|x86.Build.0 = Release|Any CPU
		{E32AED14-FAD1-4E79-B034-8B9943DE2DC6}.Debug|Any CPU.ActiveCfg = Debug|Any CPU
		{E32AED14-FAD1-4E79-B034-8B9943DE2DC6}.Debug|Any CPU.Build.0 = Debug|Any CPU
		{E32AED14-FAD1-4E79-B034-8B9943DE2DC6}.Debug|x64.ActiveCfg = Debug|Any CPU
		{E32AED14-FAD1-4E79-B034-8B9943DE2DC6}.Debug|x64.Build.0 = Debug|Any CPU
		{E32AED14-FAD1-4E79-B034-8B9943DE2DC6}.Debug|x86.ActiveCfg = Debug|Any CPU
		{E32AED14-FAD1-4E79-B034-8B9943DE2DC6}.Debug|x86.Build.0 = Debug|Any CPU
		{E32AED14-FAD1-4E79-B034-8B9943DE2DC6}.Release|Any CPU.ActiveCfg = Release|Any CPU
		{E32AED14-FAD1-4E79-B034-8B9943DE2DC6}.Release|Any CPU.Build.0 = Release|Any CPU
		{E32AED14-FAD1-4E79-B034-8B9943DE2DC6}.Release|x64.ActiveCfg = Release|Any CPU
		{E32AED14-FAD1-4E79-B034-8B9943DE2DC6}.Release|x64.Build.0 = Release|Any CPU
		{E32AED14-FAD1-4E79-B034-8B9943DE2DC6}.Release|x86.ActiveCfg = Release|Any CPU
		{E32AED14-FAD1-4E79-B034-8B9943DE2DC6}.Release|x86.Build.0 = Release|Any CPU
		{7D7CF27B-1708-4CF7-A6AE-CD5CCA94BC14}.Debug|Any CPU.ActiveCfg = Debug|Any CPU
		{7D7CF27B-1708-4CF7-A6AE-CD5CCA94BC14}.Debug|Any CPU.Build.0 = Debug|Any CPU
		{7D7CF27B-1708-4CF7-A6AE-CD5CCA94BC14}.Debug|x64.ActiveCfg = Debug|Any CPU
		{7D7CF27B-1708-4CF7-A6AE-CD5CCA94BC14}.Debug|x64.Build.0 = Debug|Any CPU
		{7D7CF27B-1708-4CF7-A6AE-CD5CCA94BC14}.Debug|x86.ActiveCfg = Debug|Any CPU
		{7D7CF27B-1708-4CF7-A6AE-CD5CCA94BC14}.Debug|x86.Build.0 = Debug|Any CPU
		{7D7CF27B-1708-4CF7-A6AE-CD5CCA94BC14}.Release|Any CPU.ActiveCfg = Release|Any CPU
		{7D7CF27B-1708-4CF7-A6AE-CD5CCA94BC14}.Release|Any CPU.Build.0 = Release|Any CPU
		{7D7CF27B-1708-4CF7-A6AE-CD5CCA94BC14}.Release|x64.ActiveCfg = Release|Any CPU
		{7D7CF27B-1708-4CF7-A6AE-CD5CCA94BC14}.Release|x64.Build.0 = Release|Any CPU
		{7D7CF27B-1708-4CF7-A6AE-CD5CCA94BC14}.Release|x86.ActiveCfg = Release|Any CPU
		{7D7CF27B-1708-4CF7-A6AE-CD5CCA94BC14}.Release|x86.Build.0 = Release|Any CPU
		{0FD3B591-1A10-4A1A-B443-D26114C4B933}.Debug|Any CPU.ActiveCfg = Debug|Any CPU
		{0FD3B591-1A10-4A1A-B443-D26114C4B933}.Debug|Any CPU.Build.0 = Debug|Any CPU
		{0FD3B591-1A10-4A1A-B443-D26114C4B933}.Debug|x64.ActiveCfg = Debug|x64
		{0FD3B591-1A10-4A1A-B443-D26114C4B933}.Debug|x64.Build.0 = Debug|x64
		{0FD3B591-1A10-4A1A-B443-D26114C4B933}.Debug|x86.ActiveCfg = Debug|Any CPU
		{0FD3B591-1A10-4A1A-B443-D26114C4B933}.Debug|x86.Build.0 = Debug|Any CPU
		{0FD3B591-1A10-4A1A-B443-D26114C4B933}.Release|Any CPU.ActiveCfg = Release|Any CPU
		{0FD3B591-1A10-4A1A-B443-D26114C4B933}.Release|Any CPU.Build.0 = Release|Any CPU
		{0FD3B591-1A10-4A1A-B443-D26114C4B933}.Release|x64.ActiveCfg = Release|x64
		{0FD3B591-1A10-4A1A-B443-D26114C4B933}.Release|x64.Build.0 = Release|x64
		{0FD3B591-1A10-4A1A-B443-D26114C4B933}.Release|x86.ActiveCfg = Release|Any CPU
		{0FD3B591-1A10-4A1A-B443-D26114C4B933}.Release|x86.Build.0 = Release|Any CPU
	EndGlobalSection
	GlobalSection(SolutionProperties) = preSolution
		HideSolutionNode = FALSE
	EndGlobalSection
	GlobalSection(ExtensibilityGlobals) = postSolution
		SolutionGuid = {A41F29E3-5AE5-4702-A61E-486BCEEED8AF}
	EndGlobalSection
EndGlobal
