
Microsoft Visual Studio Solution File, Format Version 12.00
# Visual Studio Version 16
VisualStudioVersion = 16.0.28721.148
MinimumVisualStudioVersion = 10.0.40219.1
Project("{FAE04EC0-301F-11D3-BF4B-00C04F79EFBC}") = "TimeTracker", "TimeTracker\TimeTracker.csproj", "{9C7222EE-0BEF-4FE8-B154-D061D2AF93DF}"
EndProject
Project("{FAE04EC0-301F-11D3-BF4B-00C04F79EFBC}") = "Db.TimeTrack", "Db.TimeTrack\Db.TimeTrack.csproj", "{C705DD8D-FD1B-48BF-BD9C-EE3CDF998EE0}"
EndProject
Project("{FAE04EC0-301F-11D3-BF4B-00C04F79EFBC}") = "InvoiceCreator.PDF", "InvoiceCreator.PDF\InvoiceCreator.PDF.csproj", "{A83C6BC4-33EE-41A6-9567-5D701071CD8C}"
EndProject
Project("{FAE04EC0-301F-11D3-BF4B-00C04F79EFBC}") = "Db.EventLog", "Db.EventLog\Db.EventLog.csproj", "{1C3D27F8-20B8-4D22-9F41-87787A7BC614}"
EndProject
Project("{9A19103F-16F7-4668-BE54-9A1E7A4F7556}") = "AAV.Sys", "..\..\AAV.Shared\Src\Net6.0\AAV.Sys\AAV.Sys.csproj", "{DE491577-F6BA-45BF-B766-03B83FCEAADA}"
EndProject
Project("{FAE04EC0-301F-11D3-BF4B-00C04F79EFBC}") = "AAV.WPF.4.8", "..\..\AAV.Shared\Src\Net4.8\AAV.WPF\AAV.WPF.4.8.csproj", "{1CE2C02F-5FA8-41CA-AC2E-BA91AB283A02}"
EndProject
Project("{FAE04EC0-301F-11D3-BF4B-00C04F79EFBC}") = "AAV.Common.UI", "..\..\AAV.Shared\Src\AsLink\CsProj\AAV.Common.UI\AAV.Common.UI.csproj", "{62E489F8-CCAE-4984-A19D-03ABB8EB1854}"
EndProject
Project("{FAE04EC0-301F-11D3-BF4B-00C04F79EFBC}") = "AAV.Common.MVVM", "..\..\AAV.Shared\Src\AsLink\CsProj\AAV.Common.MVVM\AAV.Common.MVVM.csproj", "{175D8A5C-519D-4A1F-8B6E-D822A0717680}"
EndProject
Global
	GlobalSection(SolutionConfigurationPlatforms) = preSolution
		Dbg_Fit_FileToDB_Dev|Any CPU = Dbg_Fit_FileToDB_Dev|Any CPU
		Dbg_Fit_FileToDB_Dev|ARM = Dbg_Fit_FileToDB_Dev|ARM
		Dbg_Fit_FileToDB_Dev|Mixed Platforms = Dbg_Fit_FileToDB_Dev|Mixed Platforms
		Dbg_Fit_FileToDB_Dev|x64 = Dbg_Fit_FileToDB_Dev|x64
		Dbg_Fit_FileToDB_Dev|x86 = Dbg_Fit_FileToDB_Dev|x86
		DbgDscnctd|Any CPU = DbgDscnctd|Any CPU
		DbgDscnctd|ARM = DbgDscnctd|ARM
		DbgDscnctd|Mixed Platforms = DbgDscnctd|Mixed Platforms
		DbgDscnctd|x64 = DbgDscnctd|x64
		DbgDscnctd|x86 = DbgDscnctd|x86
		Debug|Any CPU = Debug|Any CPU
		Debug|ARM = Debug|ARM
		Debug|Mixed Platforms = Debug|Mixed Platforms
		Debug|x64 = Debug|x64
		Debug|x86 = Debug|x86
		DebugUI|Any CPU = DebugUI|Any CPU
		DebugUI|ARM = DebugUI|ARM
		DebugUI|Mixed Platforms = DebugUI|Mixed Platforms
		DebugUI|x64 = DebugUI|x64
		DebugUI|x86 = DebugUI|x86
		Release|Any CPU = Release|Any CPU
		Release|ARM = Release|ARM
		Release|Mixed Platforms = Release|Mixed Platforms
		Release|x64 = Release|x64
		Release|x86 = Release|x86
		ReleaseBeta|Any CPU = ReleaseBeta|Any CPU
		ReleaseBeta|ARM = ReleaseBeta|ARM
		ReleaseBeta|Mixed Platforms = ReleaseBeta|Mixed Platforms
		ReleaseBeta|x64 = ReleaseBeta|x64
		ReleaseBeta|x86 = ReleaseBeta|x86
		RlsDscnctd|Any CPU = RlsDscnctd|Any CPU
		RlsDscnctd|ARM = RlsDscnctd|ARM
		RlsDscnctd|Mixed Platforms = RlsDscnctd|Mixed Platforms
		RlsDscnctd|x64 = RlsDscnctd|x64
		RlsDscnctd|x86 = RlsDscnctd|x86
	EndGlobalSection
	GlobalSection(ProjectConfigurationPlatforms) = postSolution
		{9C7222EE-0BEF-4FE8-B154-D061D2AF93DF}.Dbg_Fit_FileToDB_Dev|Any CPU.ActiveCfg = Debug|Any CPU
		{9C7222EE-0BEF-4FE8-B154-D061D2AF93DF}.Dbg_Fit_FileToDB_Dev|Any CPU.Build.0 = Debug|Any CPU
		{9C7222EE-0BEF-4FE8-B154-D061D2AF93DF}.Dbg_Fit_FileToDB_Dev|ARM.ActiveCfg = Debug|Any CPU
		{9C7222EE-0BEF-4FE8-B154-D061D2AF93DF}.Dbg_Fit_FileToDB_Dev|ARM.Build.0 = Debug|Any CPU
		{9C7222EE-0BEF-4FE8-B154-D061D2AF93DF}.Dbg_Fit_FileToDB_Dev|Mixed Platforms.ActiveCfg = Debug|x86
		{9C7222EE-0BEF-4FE8-B154-D061D2AF93DF}.Dbg_Fit_FileToDB_Dev|Mixed Platforms.Build.0 = Debug|x86
		{9C7222EE-0BEF-4FE8-B154-D061D2AF93DF}.Dbg_Fit_FileToDB_Dev|x64.ActiveCfg = Debug|Any CPU
		{9C7222EE-0BEF-4FE8-B154-D061D2AF93DF}.Dbg_Fit_FileToDB_Dev|x64.Build.0 = Debug|Any CPU
		{9C7222EE-0BEF-4FE8-B154-D061D2AF93DF}.Dbg_Fit_FileToDB_Dev|x86.ActiveCfg = Debug|x86
		{9C7222EE-0BEF-4FE8-B154-D061D2AF93DF}.Dbg_Fit_FileToDB_Dev|x86.Build.0 = Debug|x86
		{9C7222EE-0BEF-4FE8-B154-D061D2AF93DF}.DbgDscnctd|Any CPU.ActiveCfg = Debug|Any CPU
		{9C7222EE-0BEF-4FE8-B154-D061D2AF93DF}.DbgDscnctd|Any CPU.Build.0 = Debug|Any CPU
		{9C7222EE-0BEF-4FE8-B154-D061D2AF93DF}.DbgDscnctd|ARM.ActiveCfg = Debug|Any CPU
		{9C7222EE-0BEF-4FE8-B154-D061D2AF93DF}.DbgDscnctd|ARM.Build.0 = Debug|Any CPU
		{9C7222EE-0BEF-4FE8-B154-D061D2AF93DF}.DbgDscnctd|Mixed Platforms.ActiveCfg = Debug|x86
		{9C7222EE-0BEF-4FE8-B154-D061D2AF93DF}.DbgDscnctd|Mixed Platforms.Build.0 = Debug|x86
		{9C7222EE-0BEF-4FE8-B154-D061D2AF93DF}.DbgDscnctd|x64.ActiveCfg = Debug|Any CPU
		{9C7222EE-0BEF-4FE8-B154-D061D2AF93DF}.DbgDscnctd|x64.Build.0 = Debug|Any CPU
		{9C7222EE-0BEF-4FE8-B154-D061D2AF93DF}.DbgDscnctd|x86.ActiveCfg = Debug|x86
		{9C7222EE-0BEF-4FE8-B154-D061D2AF93DF}.DbgDscnctd|x86.Build.0 = Debug|x86
		{9C7222EE-0BEF-4FE8-B154-D061D2AF93DF}.Debug|Any CPU.ActiveCfg = Debug|Any CPU
		{9C7222EE-0BEF-4FE8-B154-D061D2AF93DF}.Debug|Any CPU.Build.0 = Debug|Any CPU
		{9C7222EE-0BEF-4FE8-B154-D061D2AF93DF}.Debug|ARM.ActiveCfg = Debug|Any CPU
		{9C7222EE-0BEF-4FE8-B154-D061D2AF93DF}.Debug|ARM.Build.0 = Debug|Any CPU
		{9C7222EE-0BEF-4FE8-B154-D061D2AF93DF}.Debug|Mixed Platforms.ActiveCfg = Debug|x86
		{9C7222EE-0BEF-4FE8-B154-D061D2AF93DF}.Debug|Mixed Platforms.Build.0 = Debug|x86
		{9C7222EE-0BEF-4FE8-B154-D061D2AF93DF}.Debug|x64.ActiveCfg = Debug|Any CPU
		{9C7222EE-0BEF-4FE8-B154-D061D2AF93DF}.Debug|x64.Build.0 = Debug|Any CPU
		{9C7222EE-0BEF-4FE8-B154-D061D2AF93DF}.Debug|x86.ActiveCfg = Debug|x86
		{9C7222EE-0BEF-4FE8-B154-D061D2AF93DF}.Debug|x86.Build.0 = Debug|x86
		{9C7222EE-0BEF-4FE8-B154-D061D2AF93DF}.DebugUI|Any CPU.ActiveCfg = Debug|Any CPU
		{9C7222EE-0BEF-4FE8-B154-D061D2AF93DF}.DebugUI|Any CPU.Build.0 = Debug|Any CPU
		{9C7222EE-0BEF-4FE8-B154-D061D2AF93DF}.DebugUI|ARM.ActiveCfg = Debug|Any CPU
		{9C7222EE-0BEF-4FE8-B154-D061D2AF93DF}.DebugUI|ARM.Build.0 = Debug|Any CPU
		{9C7222EE-0BEF-4FE8-B154-D061D2AF93DF}.DebugUI|Mixed Platforms.ActiveCfg = Debug|x86
		{9C7222EE-0BEF-4FE8-B154-D061D2AF93DF}.DebugUI|Mixed Platforms.Build.0 = Debug|x86
		{9C7222EE-0BEF-4FE8-B154-D061D2AF93DF}.DebugUI|x64.ActiveCfg = Debug|Any CPU
		{9C7222EE-0BEF-4FE8-B154-D061D2AF93DF}.DebugUI|x64.Build.0 = Debug|Any CPU
		{9C7222EE-0BEF-4FE8-B154-D061D2AF93DF}.DebugUI|x86.ActiveCfg = Debug|x86
		{9C7222EE-0BEF-4FE8-B154-D061D2AF93DF}.DebugUI|x86.Build.0 = Debug|x86
		{9C7222EE-0BEF-4FE8-B154-D061D2AF93DF}.Release|Any CPU.ActiveCfg = Release|Any CPU
		{9C7222EE-0BEF-4FE8-B154-D061D2AF93DF}.Release|Any CPU.Build.0 = Release|Any CPU
		{9C7222EE-0BEF-4FE8-B154-D061D2AF93DF}.Release|ARM.ActiveCfg = Release|Any CPU
		{9C7222EE-0BEF-4FE8-B154-D061D2AF93DF}.Release|ARM.Build.0 = Release|Any CPU
		{9C7222EE-0BEF-4FE8-B154-D061D2AF93DF}.Release|Mixed Platforms.ActiveCfg = Release|x86
		{9C7222EE-0BEF-4FE8-B154-D061D2AF93DF}.Release|Mixed Platforms.Build.0 = Release|x86
		{9C7222EE-0BEF-4FE8-B154-D061D2AF93DF}.Release|x64.ActiveCfg = Release|Any CPU
		{9C7222EE-0BEF-4FE8-B154-D061D2AF93DF}.Release|x64.Build.0 = Release|Any CPU
		{9C7222EE-0BEF-4FE8-B154-D061D2AF93DF}.Release|x86.ActiveCfg = Release|x86
		{9C7222EE-0BEF-4FE8-B154-D061D2AF93DF}.Release|x86.Build.0 = Release|x86
		{9C7222EE-0BEF-4FE8-B154-D061D2AF93DF}.ReleaseBeta|Any CPU.ActiveCfg = Release|Any CPU
		{9C7222EE-0BEF-4FE8-B154-D061D2AF93DF}.ReleaseBeta|Any CPU.Build.0 = Release|Any CPU
		{9C7222EE-0BEF-4FE8-B154-D061D2AF93DF}.ReleaseBeta|ARM.ActiveCfg = Release|Any CPU
		{9C7222EE-0BEF-4FE8-B154-D061D2AF93DF}.ReleaseBeta|ARM.Build.0 = Release|Any CPU
		{9C7222EE-0BEF-4FE8-B154-D061D2AF93DF}.ReleaseBeta|Mixed Platforms.ActiveCfg = Release|x86
		{9C7222EE-0BEF-4FE8-B154-D061D2AF93DF}.ReleaseBeta|Mixed Platforms.Build.0 = Release|x86
		{9C7222EE-0BEF-4FE8-B154-D061D2AF93DF}.ReleaseBeta|x64.ActiveCfg = Release|Any CPU
		{9C7222EE-0BEF-4FE8-B154-D061D2AF93DF}.ReleaseBeta|x64.Build.0 = Release|Any CPU
		{9C7222EE-0BEF-4FE8-B154-D061D2AF93DF}.ReleaseBeta|x86.ActiveCfg = Release|x86
		{9C7222EE-0BEF-4FE8-B154-D061D2AF93DF}.ReleaseBeta|x86.Build.0 = Release|x86
		{9C7222EE-0BEF-4FE8-B154-D061D2AF93DF}.RlsDscnctd|Any CPU.ActiveCfg = Release|Any CPU
		{9C7222EE-0BEF-4FE8-B154-D061D2AF93DF}.RlsDscnctd|Any CPU.Build.0 = Release|Any CPU
		{9C7222EE-0BEF-4FE8-B154-D061D2AF93DF}.RlsDscnctd|ARM.ActiveCfg = Release|Any CPU
		{9C7222EE-0BEF-4FE8-B154-D061D2AF93DF}.RlsDscnctd|ARM.Build.0 = Release|Any CPU
		{9C7222EE-0BEF-4FE8-B154-D061D2AF93DF}.RlsDscnctd|Mixed Platforms.ActiveCfg = Release|x86
		{9C7222EE-0BEF-4FE8-B154-D061D2AF93DF}.RlsDscnctd|Mixed Platforms.Build.0 = Release|x86
		{9C7222EE-0BEF-4FE8-B154-D061D2AF93DF}.RlsDscnctd|x64.ActiveCfg = Release|Any CPU
		{9C7222EE-0BEF-4FE8-B154-D061D2AF93DF}.RlsDscnctd|x64.Build.0 = Release|Any CPU
		{9C7222EE-0BEF-4FE8-B154-D061D2AF93DF}.RlsDscnctd|x86.ActiveCfg = Release|x86
		{9C7222EE-0BEF-4FE8-B154-D061D2AF93DF}.RlsDscnctd|x86.Build.0 = Release|x86
		{C705DD8D-FD1B-48BF-BD9C-EE3CDF998EE0}.Dbg_Fit_FileToDB_Dev|Any CPU.ActiveCfg = Debug|Any CPU
		{C705DD8D-FD1B-48BF-BD9C-EE3CDF998EE0}.Dbg_Fit_FileToDB_Dev|Any CPU.Build.0 = Debug|Any CPU
		{C705DD8D-FD1B-48BF-BD9C-EE3CDF998EE0}.Dbg_Fit_FileToDB_Dev|ARM.ActiveCfg = Debug|Any CPU
		{C705DD8D-FD1B-48BF-BD9C-EE3CDF998EE0}.Dbg_Fit_FileToDB_Dev|ARM.Build.0 = Debug|Any CPU
		{C705DD8D-FD1B-48BF-BD9C-EE3CDF998EE0}.Dbg_Fit_FileToDB_Dev|Mixed Platforms.ActiveCfg = Debug|x86
		{C705DD8D-FD1B-48BF-BD9C-EE3CDF998EE0}.Dbg_Fit_FileToDB_Dev|Mixed Platforms.Build.0 = Debug|x86
		{C705DD8D-FD1B-48BF-BD9C-EE3CDF998EE0}.Dbg_Fit_FileToDB_Dev|x64.ActiveCfg = Debug|Any CPU
		{C705DD8D-FD1B-48BF-BD9C-EE3CDF998EE0}.Dbg_Fit_FileToDB_Dev|x64.Build.0 = Debug|Any CPU
		{C705DD8D-FD1B-48BF-BD9C-EE3CDF998EE0}.Dbg_Fit_FileToDB_Dev|x86.ActiveCfg = Debug|x86
		{C705DD8D-FD1B-48BF-BD9C-EE3CDF998EE0}.Dbg_Fit_FileToDB_Dev|x86.Build.0 = Debug|x86
		{C705DD8D-FD1B-48BF-BD9C-EE3CDF998EE0}.DbgDscnctd|Any CPU.ActiveCfg = Debug|Any CPU
		{C705DD8D-FD1B-48BF-BD9C-EE3CDF998EE0}.DbgDscnctd|Any CPU.Build.0 = Debug|Any CPU
		{C705DD8D-FD1B-48BF-BD9C-EE3CDF998EE0}.DbgDscnctd|ARM.ActiveCfg = Debug|Any CPU
		{C705DD8D-FD1B-48BF-BD9C-EE3CDF998EE0}.DbgDscnctd|ARM.Build.0 = Debug|Any CPU
		{C705DD8D-FD1B-48BF-BD9C-EE3CDF998EE0}.DbgDscnctd|Mixed Platforms.ActiveCfg = Debug|x86
		{C705DD8D-FD1B-48BF-BD9C-EE3CDF998EE0}.DbgDscnctd|Mixed Platforms.Build.0 = Debug|x86
		{C705DD8D-FD1B-48BF-BD9C-EE3CDF998EE0}.DbgDscnctd|x64.ActiveCfg = Debug|Any CPU
		{C705DD8D-FD1B-48BF-BD9C-EE3CDF998EE0}.DbgDscnctd|x64.Build.0 = Debug|Any CPU
		{C705DD8D-FD1B-48BF-BD9C-EE3CDF998EE0}.DbgDscnctd|x86.ActiveCfg = Debug|x86
		{C705DD8D-FD1B-48BF-BD9C-EE3CDF998EE0}.DbgDscnctd|x86.Build.0 = Debug|x86
		{C705DD8D-FD1B-48BF-BD9C-EE3CDF998EE0}.Debug|Any CPU.ActiveCfg = Debug|Any CPU
		{C705DD8D-FD1B-48BF-BD9C-EE3CDF998EE0}.Debug|Any CPU.Build.0 = Debug|Any CPU
		{C705DD8D-FD1B-48BF-BD9C-EE3CDF998EE0}.Debug|ARM.ActiveCfg = Debug|Any CPU
		{C705DD8D-FD1B-48BF-BD9C-EE3CDF998EE0}.Debug|ARM.Build.0 = Debug|Any CPU
		{C705DD8D-FD1B-48BF-BD9C-EE3CDF998EE0}.Debug|Mixed Platforms.ActiveCfg = Debug|Any CPU
		{C705DD8D-FD1B-48BF-BD9C-EE3CDF998EE0}.Debug|Mixed Platforms.Build.0 = Debug|Any CPU
		{C705DD8D-FD1B-48BF-BD9C-EE3CDF998EE0}.Debug|x64.ActiveCfg = Debug|Any CPU
		{C705DD8D-FD1B-48BF-BD9C-EE3CDF998EE0}.Debug|x64.Build.0 = Debug|Any CPU
		{C705DD8D-FD1B-48BF-BD9C-EE3CDF998EE0}.Debug|x86.ActiveCfg = Debug|x86
		{C705DD8D-FD1B-48BF-BD9C-EE3CDF998EE0}.Debug|x86.Build.0 = Debug|x86
		{C705DD8D-FD1B-48BF-BD9C-EE3CDF998EE0}.DebugUI|Any CPU.ActiveCfg = Debug|Any CPU
		{C705DD8D-FD1B-48BF-BD9C-EE3CDF998EE0}.DebugUI|Any CPU.Build.0 = Debug|Any CPU
		{C705DD8D-FD1B-48BF-BD9C-EE3CDF998EE0}.DebugUI|ARM.ActiveCfg = Debug|Any CPU
		{C705DD8D-FD1B-48BF-BD9C-EE3CDF998EE0}.DebugUI|ARM.Build.0 = Debug|Any CPU
		{C705DD8D-FD1B-48BF-BD9C-EE3CDF998EE0}.DebugUI|Mixed Platforms.ActiveCfg = Debug|x86
		{C705DD8D-FD1B-48BF-BD9C-EE3CDF998EE0}.DebugUI|Mixed Platforms.Build.0 = Debug|x86
		{C705DD8D-FD1B-48BF-BD9C-EE3CDF998EE0}.DebugUI|x64.ActiveCfg = Debug|Any CPU
		{C705DD8D-FD1B-48BF-BD9C-EE3CDF998EE0}.DebugUI|x64.Build.0 = Debug|Any CPU
		{C705DD8D-FD1B-48BF-BD9C-EE3CDF998EE0}.DebugUI|x86.ActiveCfg = Debug|x86
		{C705DD8D-FD1B-48BF-BD9C-EE3CDF998EE0}.DebugUI|x86.Build.0 = Debug|x86
		{C705DD8D-FD1B-48BF-BD9C-EE3CDF998EE0}.Release|Any CPU.ActiveCfg = Release|Any CPU
		{C705DD8D-FD1B-48BF-BD9C-EE3CDF998EE0}.Release|Any CPU.Build.0 = Release|Any CPU
		{C705DD8D-FD1B-48BF-BD9C-EE3CDF998EE0}.Release|ARM.ActiveCfg = Release|Any CPU
		{C705DD8D-FD1B-48BF-BD9C-EE3CDF998EE0}.Release|ARM.Build.0 = Release|Any CPU
		{C705DD8D-FD1B-48BF-BD9C-EE3CDF998EE0}.Release|Mixed Platforms.ActiveCfg = Release|Any CPU
		{C705DD8D-FD1B-48BF-BD9C-EE3CDF998EE0}.Release|Mixed Platforms.Build.0 = Release|Any CPU
		{C705DD8D-FD1B-48BF-BD9C-EE3CDF998EE0}.Release|x64.ActiveCfg = Release|Any CPU
		{C705DD8D-FD1B-48BF-BD9C-EE3CDF998EE0}.Release|x64.Build.0 = Release|Any CPU
		{C705DD8D-FD1B-48BF-BD9C-EE3CDF998EE0}.Release|x86.ActiveCfg = Release|x86
		{C705DD8D-FD1B-48BF-BD9C-EE3CDF998EE0}.Release|x86.Build.0 = Release|x86
		{C705DD8D-FD1B-48BF-BD9C-EE3CDF998EE0}.ReleaseBeta|Any CPU.ActiveCfg = Release|Any CPU
		{C705DD8D-FD1B-48BF-BD9C-EE3CDF998EE0}.ReleaseBeta|Any CPU.Build.0 = Release|Any CPU
		{C705DD8D-FD1B-48BF-BD9C-EE3CDF998EE0}.ReleaseBeta|ARM.ActiveCfg = Release|Any CPU
		{C705DD8D-FD1B-48BF-BD9C-EE3CDF998EE0}.ReleaseBeta|ARM.Build.0 = Release|Any CPU
		{C705DD8D-FD1B-48BF-BD9C-EE3CDF998EE0}.ReleaseBeta|Mixed Platforms.ActiveCfg = Release|x86
		{C705DD8D-FD1B-48BF-BD9C-EE3CDF998EE0}.ReleaseBeta|Mixed Platforms.Build.0 = Release|x86
		{C705DD8D-FD1B-48BF-BD9C-EE3CDF998EE0}.ReleaseBeta|x64.ActiveCfg = Release|Any CPU
		{C705DD8D-FD1B-48BF-BD9C-EE3CDF998EE0}.ReleaseBeta|x64.Build.0 = Release|Any CPU
		{C705DD8D-FD1B-48BF-BD9C-EE3CDF998EE0}.ReleaseBeta|x86.ActiveCfg = Release|x86
		{C705DD8D-FD1B-48BF-BD9C-EE3CDF998EE0}.ReleaseBeta|x86.Build.0 = Release|x86
		{C705DD8D-FD1B-48BF-BD9C-EE3CDF998EE0}.RlsDscnctd|Any CPU.ActiveCfg = Release|Any CPU
		{C705DD8D-FD1B-48BF-BD9C-EE3CDF998EE0}.RlsDscnctd|Any CPU.Build.0 = Release|Any CPU
		{C705DD8D-FD1B-48BF-BD9C-EE3CDF998EE0}.RlsDscnctd|ARM.ActiveCfg = Release|Any CPU
		{C705DD8D-FD1B-48BF-BD9C-EE3CDF998EE0}.RlsDscnctd|ARM.Build.0 = Release|Any CPU
		{C705DD8D-FD1B-48BF-BD9C-EE3CDF998EE0}.RlsDscnctd|Mixed Platforms.ActiveCfg = Release|x86
		{C705DD8D-FD1B-48BF-BD9C-EE3CDF998EE0}.RlsDscnctd|Mixed Platforms.Build.0 = Release|x86
		{C705DD8D-FD1B-48BF-BD9C-EE3CDF998EE0}.RlsDscnctd|x64.ActiveCfg = Release|Any CPU
		{C705DD8D-FD1B-48BF-BD9C-EE3CDF998EE0}.RlsDscnctd|x64.Build.0 = Release|Any CPU
		{C705DD8D-FD1B-48BF-BD9C-EE3CDF998EE0}.RlsDscnctd|x86.ActiveCfg = Release|x86
		{C705DD8D-FD1B-48BF-BD9C-EE3CDF998EE0}.RlsDscnctd|x86.Build.0 = Release|x86
		{A83C6BC4-33EE-41A6-9567-5D701071CD8C}.Dbg_Fit_FileToDB_Dev|Any CPU.ActiveCfg = Debug|Any CPU
		{A83C6BC4-33EE-41A6-9567-5D701071CD8C}.Dbg_Fit_FileToDB_Dev|Any CPU.Build.0 = Debug|Any CPU
		{A83C6BC4-33EE-41A6-9567-5D701071CD8C}.Dbg_Fit_FileToDB_Dev|ARM.ActiveCfg = Debug|Any CPU
		{A83C6BC4-33EE-41A6-9567-5D701071CD8C}.Dbg_Fit_FileToDB_Dev|ARM.Build.0 = Debug|Any CPU
		{A83C6BC4-33EE-41A6-9567-5D701071CD8C}.Dbg_Fit_FileToDB_Dev|Mixed Platforms.ActiveCfg = Debug|x86
		{A83C6BC4-33EE-41A6-9567-5D701071CD8C}.Dbg_Fit_FileToDB_Dev|Mixed Platforms.Build.0 = Debug|x86
		{A83C6BC4-33EE-41A6-9567-5D701071CD8C}.Dbg_Fit_FileToDB_Dev|x64.ActiveCfg = Debug|Any CPU
		{A83C6BC4-33EE-41A6-9567-5D701071CD8C}.Dbg_Fit_FileToDB_Dev|x64.Build.0 = Debug|Any CPU
		{A83C6BC4-33EE-41A6-9567-5D701071CD8C}.Dbg_Fit_FileToDB_Dev|x86.ActiveCfg = Debug|x86
		{A83C6BC4-33EE-41A6-9567-5D701071CD8C}.Dbg_Fit_FileToDB_Dev|x86.Build.0 = Debug|x86
		{A83C6BC4-33EE-41A6-9567-5D701071CD8C}.DbgDscnctd|Any CPU.ActiveCfg = Debug|Any CPU
		{A83C6BC4-33EE-41A6-9567-5D701071CD8C}.DbgDscnctd|Any CPU.Build.0 = Debug|Any CPU
		{A83C6BC4-33EE-41A6-9567-5D701071CD8C}.DbgDscnctd|ARM.ActiveCfg = Debug|Any CPU
		{A83C6BC4-33EE-41A6-9567-5D701071CD8C}.DbgDscnctd|ARM.Build.0 = Debug|Any CPU
		{A83C6BC4-33EE-41A6-9567-5D701071CD8C}.DbgDscnctd|Mixed Platforms.ActiveCfg = Debug|x86
		{A83C6BC4-33EE-41A6-9567-5D701071CD8C}.DbgDscnctd|Mixed Platforms.Build.0 = Debug|x86
		{A83C6BC4-33EE-41A6-9567-5D701071CD8C}.DbgDscnctd|x64.ActiveCfg = Debug|Any CPU
		{A83C6BC4-33EE-41A6-9567-5D701071CD8C}.DbgDscnctd|x64.Build.0 = Debug|Any CPU
		{A83C6BC4-33EE-41A6-9567-5D701071CD8C}.DbgDscnctd|x86.ActiveCfg = Debug|x86
		{A83C6BC4-33EE-41A6-9567-5D701071CD8C}.DbgDscnctd|x86.Build.0 = Debug|x86
		{A83C6BC4-33EE-41A6-9567-5D701071CD8C}.Debug|Any CPU.ActiveCfg = Debug|Any CPU
		{A83C6BC4-33EE-41A6-9567-5D701071CD8C}.Debug|Any CPU.Build.0 = Debug|Any CPU
		{A83C6BC4-33EE-41A6-9567-5D701071CD8C}.Debug|ARM.ActiveCfg = Debug|Any CPU
		{A83C6BC4-33EE-41A6-9567-5D701071CD8C}.Debug|ARM.Build.0 = Debug|Any CPU
		{A83C6BC4-33EE-41A6-9567-5D701071CD8C}.Debug|Mixed Platforms.ActiveCfg = Debug|Any CPU
		{A83C6BC4-33EE-41A6-9567-5D701071CD8C}.Debug|Mixed Platforms.Build.0 = Debug|Any CPU
		{A83C6BC4-33EE-41A6-9567-5D701071CD8C}.Debug|x64.ActiveCfg = Debug|Any CPU
		{A83C6BC4-33EE-41A6-9567-5D701071CD8C}.Debug|x64.Build.0 = Debug|Any CPU
		{A83C6BC4-33EE-41A6-9567-5D701071CD8C}.Debug|x86.ActiveCfg = Debug|x86
		{A83C6BC4-33EE-41A6-9567-5D701071CD8C}.Debug|x86.Build.0 = Debug|x86
		{A83C6BC4-33EE-41A6-9567-5D701071CD8C}.DebugUI|Any CPU.ActiveCfg = Debug|Any CPU
		{A83C6BC4-33EE-41A6-9567-5D701071CD8C}.DebugUI|Any CPU.Build.0 = Debug|Any CPU
		{A83C6BC4-33EE-41A6-9567-5D701071CD8C}.DebugUI|ARM.ActiveCfg = Debug|Any CPU
		{A83C6BC4-33EE-41A6-9567-5D701071CD8C}.DebugUI|ARM.Build.0 = Debug|Any CPU
		{A83C6BC4-33EE-41A6-9567-5D701071CD8C}.DebugUI|Mixed Platforms.ActiveCfg = Debug|x86
		{A83C6BC4-33EE-41A6-9567-5D701071CD8C}.DebugUI|Mixed Platforms.Build.0 = Debug|x86
		{A83C6BC4-33EE-41A6-9567-5D701071CD8C}.DebugUI|x64.ActiveCfg = Debug|Any CPU
		{A83C6BC4-33EE-41A6-9567-5D701071CD8C}.DebugUI|x64.Build.0 = Debug|Any CPU
		{A83C6BC4-33EE-41A6-9567-5D701071CD8C}.DebugUI|x86.ActiveCfg = Debug|x86
		{A83C6BC4-33EE-41A6-9567-5D701071CD8C}.DebugUI|x86.Build.0 = Debug|x86
		{A83C6BC4-33EE-41A6-9567-5D701071CD8C}.Release|Any CPU.ActiveCfg = Release|Any CPU
		{A83C6BC4-33EE-41A6-9567-5D701071CD8C}.Release|Any CPU.Build.0 = Release|Any CPU
		{A83C6BC4-33EE-41A6-9567-5D701071CD8C}.Release|ARM.ActiveCfg = Release|Any CPU
		{A83C6BC4-33EE-41A6-9567-5D701071CD8C}.Release|ARM.Build.0 = Release|Any CPU
		{A83C6BC4-33EE-41A6-9567-5D701071CD8C}.Release|Mixed Platforms.ActiveCfg = Release|Any CPU
		{A83C6BC4-33EE-41A6-9567-5D701071CD8C}.Release|Mixed Platforms.Build.0 = Release|Any CPU
		{A83C6BC4-33EE-41A6-9567-5D701071CD8C}.Release|x64.ActiveCfg = Release|Any CPU
		{A83C6BC4-33EE-41A6-9567-5D701071CD8C}.Release|x64.Build.0 = Release|Any CPU
		{A83C6BC4-33EE-41A6-9567-5D701071CD8C}.Release|x86.ActiveCfg = Release|x86
		{A83C6BC4-33EE-41A6-9567-5D701071CD8C}.Release|x86.Build.0 = Release|x86
		{A83C6BC4-33EE-41A6-9567-5D701071CD8C}.ReleaseBeta|Any CPU.ActiveCfg = Release|Any CPU
		{A83C6BC4-33EE-41A6-9567-5D701071CD8C}.ReleaseBeta|Any CPU.Build.0 = Release|Any CPU
		{A83C6BC4-33EE-41A6-9567-5D701071CD8C}.ReleaseBeta|ARM.ActiveCfg = Release|Any CPU
		{A83C6BC4-33EE-41A6-9567-5D701071CD8C}.ReleaseBeta|ARM.Build.0 = Release|Any CPU
		{A83C6BC4-33EE-41A6-9567-5D701071CD8C}.ReleaseBeta|Mixed Platforms.ActiveCfg = Release|x86
		{A83C6BC4-33EE-41A6-9567-5D701071CD8C}.ReleaseBeta|Mixed Platforms.Build.0 = Release|x86
		{A83C6BC4-33EE-41A6-9567-5D701071CD8C}.ReleaseBeta|x64.ActiveCfg = Release|Any CPU
		{A83C6BC4-33EE-41A6-9567-5D701071CD8C}.ReleaseBeta|x64.Build.0 = Release|Any CPU
		{A83C6BC4-33EE-41A6-9567-5D701071CD8C}.ReleaseBeta|x86.ActiveCfg = Release|x86
		{A83C6BC4-33EE-41A6-9567-5D701071CD8C}.ReleaseBeta|x86.Build.0 = Release|x86
		{A83C6BC4-33EE-41A6-9567-5D701071CD8C}.RlsDscnctd|Any CPU.ActiveCfg = Release|Any CPU
		{A83C6BC4-33EE-41A6-9567-5D701071CD8C}.RlsDscnctd|Any CPU.Build.0 = Release|Any CPU
		{A83C6BC4-33EE-41A6-9567-5D701071CD8C}.RlsDscnctd|ARM.ActiveCfg = Release|Any CPU
		{A83C6BC4-33EE-41A6-9567-5D701071CD8C}.RlsDscnctd|ARM.Build.0 = Release|Any CPU
		{A83C6BC4-33EE-41A6-9567-5D701071CD8C}.RlsDscnctd|Mixed Platforms.ActiveCfg = Release|x86
		{A83C6BC4-33EE-41A6-9567-5D701071CD8C}.RlsDscnctd|Mixed Platforms.Build.0 = Release|x86
		{A83C6BC4-33EE-41A6-9567-5D701071CD8C}.RlsDscnctd|x64.ActiveCfg = Release|Any CPU
		{A83C6BC4-33EE-41A6-9567-5D701071CD8C}.RlsDscnctd|x64.Build.0 = Release|Any CPU
		{A83C6BC4-33EE-41A6-9567-5D701071CD8C}.RlsDscnctd|x86.ActiveCfg = Release|x86
		{A83C6BC4-33EE-41A6-9567-5D701071CD8C}.RlsDscnctd|x86.Build.0 = Release|x86
		{1C3D27F8-20B8-4D22-9F41-87787A7BC614}.Dbg_Fit_FileToDB_Dev|Any CPU.ActiveCfg = Debug|Any CPU
		{1C3D27F8-20B8-4D22-9F41-87787A7BC614}.Dbg_Fit_FileToDB_Dev|Any CPU.Build.0 = Debug|Any CPU
		{1C3D27F8-20B8-4D22-9F41-87787A7BC614}.Dbg_Fit_FileToDB_Dev|ARM.ActiveCfg = Debug|Any CPU
		{1C3D27F8-20B8-4D22-9F41-87787A7BC614}.Dbg_Fit_FileToDB_Dev|ARM.Build.0 = Debug|Any CPU
		{1C3D27F8-20B8-4D22-9F41-87787A7BC614}.Dbg_Fit_FileToDB_Dev|Mixed Platforms.ActiveCfg = Debug|x86
		{1C3D27F8-20B8-4D22-9F41-87787A7BC614}.Dbg_Fit_FileToDB_Dev|Mixed Platforms.Build.0 = Debug|x86
		{1C3D27F8-20B8-4D22-9F41-87787A7BC614}.Dbg_Fit_FileToDB_Dev|x64.ActiveCfg = Debug|Any CPU
		{1C3D27F8-20B8-4D22-9F41-87787A7BC614}.Dbg_Fit_FileToDB_Dev|x64.Build.0 = Debug|Any CPU
		{1C3D27F8-20B8-4D22-9F41-87787A7BC614}.Dbg_Fit_FileToDB_Dev|x86.ActiveCfg = Debug|x86
		{1C3D27F8-20B8-4D22-9F41-87787A7BC614}.Dbg_Fit_FileToDB_Dev|x86.Build.0 = Debug|x86
		{1C3D27F8-20B8-4D22-9F41-87787A7BC614}.DbgDscnctd|Any CPU.ActiveCfg = Debug|Any CPU
		{1C3D27F8-20B8-4D22-9F41-87787A7BC614}.DbgDscnctd|Any CPU.Build.0 = Debug|Any CPU
		{1C3D27F8-20B8-4D22-9F41-87787A7BC614}.DbgDscnctd|ARM.ActiveCfg = Debug|Any CPU
		{1C3D27F8-20B8-4D22-9F41-87787A7BC614}.DbgDscnctd|ARM.Build.0 = Debug|Any CPU
		{1C3D27F8-20B8-4D22-9F41-87787A7BC614}.DbgDscnctd|Mixed Platforms.ActiveCfg = Debug|x86
		{1C3D27F8-20B8-4D22-9F41-87787A7BC614}.DbgDscnctd|Mixed Platforms.Build.0 = Debug|x86
		{1C3D27F8-20B8-4D22-9F41-87787A7BC614}.DbgDscnctd|x64.ActiveCfg = Debug|Any CPU
		{1C3D27F8-20B8-4D22-9F41-87787A7BC614}.DbgDscnctd|x64.Build.0 = Debug|Any CPU
		{1C3D27F8-20B8-4D22-9F41-87787A7BC614}.DbgDscnctd|x86.ActiveCfg = Debug|x86
		{1C3D27F8-20B8-4D22-9F41-87787A7BC614}.DbgDscnctd|x86.Build.0 = Debug|x86
		{1C3D27F8-20B8-4D22-9F41-87787A7BC614}.Debug|Any CPU.ActiveCfg = Debug|Any CPU
		{1C3D27F8-20B8-4D22-9F41-87787A7BC614}.Debug|Any CPU.Build.0 = Debug|Any CPU
		{1C3D27F8-20B8-4D22-9F41-87787A7BC614}.Debug|ARM.ActiveCfg = Debug|Any CPU
		{1C3D27F8-20B8-4D22-9F41-87787A7BC614}.Debug|ARM.Build.0 = Debug|Any CPU
		{1C3D27F8-20B8-4D22-9F41-87787A7BC614}.Debug|Mixed Platforms.ActiveCfg = Debug|x86
		{1C3D27F8-20B8-4D22-9F41-87787A7BC614}.Debug|Mixed Platforms.Build.0 = Debug|x86
		{1C3D27F8-20B8-4D22-9F41-87787A7BC614}.Debug|x64.ActiveCfg = Debug|Any CPU
		{1C3D27F8-20B8-4D22-9F41-87787A7BC614}.Debug|x64.Build.0 = Debug|Any CPU
		{1C3D27F8-20B8-4D22-9F41-87787A7BC614}.Debug|x86.ActiveCfg = Debug|x86
		{1C3D27F8-20B8-4D22-9F41-87787A7BC614}.Debug|x86.Build.0 = Debug|x86
		{1C3D27F8-20B8-4D22-9F41-87787A7BC614}.DebugUI|Any CPU.ActiveCfg = Debug|Any CPU
		{1C3D27F8-20B8-4D22-9F41-87787A7BC614}.DebugUI|Any CPU.Build.0 = Debug|Any CPU
		{1C3D27F8-20B8-4D22-9F41-87787A7BC614}.DebugUI|ARM.ActiveCfg = Debug|Any CPU
		{1C3D27F8-20B8-4D22-9F41-87787A7BC614}.DebugUI|ARM.Build.0 = Debug|Any CPU
		{1C3D27F8-20B8-4D22-9F41-87787A7BC614}.DebugUI|Mixed Platforms.ActiveCfg = Debug|x86
		{1C3D27F8-20B8-4D22-9F41-87787A7BC614}.DebugUI|Mixed Platforms.Build.0 = Debug|x86
		{1C3D27F8-20B8-4D22-9F41-87787A7BC614}.DebugUI|x64.ActiveCfg = Debug|Any CPU
		{1C3D27F8-20B8-4D22-9F41-87787A7BC614}.DebugUI|x64.Build.0 = Debug|Any CPU
		{1C3D27F8-20B8-4D22-9F41-87787A7BC614}.DebugUI|x86.ActiveCfg = Debug|x86
		{1C3D27F8-20B8-4D22-9F41-87787A7BC614}.DebugUI|x86.Build.0 = Debug|x86
		{1C3D27F8-20B8-4D22-9F41-87787A7BC614}.Release|Any CPU.ActiveCfg = Release|Any CPU
		{1C3D27F8-20B8-4D22-9F41-87787A7BC614}.Release|Any CPU.Build.0 = Release|Any CPU
		{1C3D27F8-20B8-4D22-9F41-87787A7BC614}.Release|ARM.ActiveCfg = Release|Any CPU
		{1C3D27F8-20B8-4D22-9F41-87787A7BC614}.Release|ARM.Build.0 = Release|Any CPU
		{1C3D27F8-20B8-4D22-9F41-87787A7BC614}.Release|Mixed Platforms.ActiveCfg = Release|x86
		{1C3D27F8-20B8-4D22-9F41-87787A7BC614}.Release|Mixed Platforms.Build.0 = Release|x86
		{1C3D27F8-20B8-4D22-9F41-87787A7BC614}.Release|x64.ActiveCfg = Release|Any CPU
		{1C3D27F8-20B8-4D22-9F41-87787A7BC614}.Release|x64.Build.0 = Release|Any CPU
		{1C3D27F8-20B8-4D22-9F41-87787A7BC614}.Release|x86.ActiveCfg = Release|x86
		{1C3D27F8-20B8-4D22-9F41-87787A7BC614}.Release|x86.Build.0 = Release|x86
		{1C3D27F8-20B8-4D22-9F41-87787A7BC614}.ReleaseBeta|Any CPU.ActiveCfg = Release|Any CPU
		{1C3D27F8-20B8-4D22-9F41-87787A7BC614}.ReleaseBeta|Any CPU.Build.0 = Release|Any CPU
		{1C3D27F8-20B8-4D22-9F41-87787A7BC614}.ReleaseBeta|ARM.ActiveCfg = Release|Any CPU
		{1C3D27F8-20B8-4D22-9F41-87787A7BC614}.ReleaseBeta|ARM.Build.0 = Release|Any CPU
		{1C3D27F8-20B8-4D22-9F41-87787A7BC614}.ReleaseBeta|Mixed Platforms.ActiveCfg = Release|x86
		{1C3D27F8-20B8-4D22-9F41-87787A7BC614}.ReleaseBeta|Mixed Platforms.Build.0 = Release|x86
		{1C3D27F8-20B8-4D22-9F41-87787A7BC614}.ReleaseBeta|x64.ActiveCfg = Release|Any CPU
		{1C3D27F8-20B8-4D22-9F41-87787A7BC614}.ReleaseBeta|x64.Build.0 = Release|Any CPU
		{1C3D27F8-20B8-4D22-9F41-87787A7BC614}.ReleaseBeta|x86.ActiveCfg = Release|x86
		{1C3D27F8-20B8-4D22-9F41-87787A7BC614}.ReleaseBeta|x86.Build.0 = Release|x86
		{1C3D27F8-20B8-4D22-9F41-87787A7BC614}.RlsDscnctd|Any CPU.ActiveCfg = Release|Any CPU
		{1C3D27F8-20B8-4D22-9F41-87787A7BC614}.RlsDscnctd|Any CPU.Build.0 = Release|Any CPU
		{1C3D27F8-20B8-4D22-9F41-87787A7BC614}.RlsDscnctd|ARM.ActiveCfg = Release|Any CPU
		{1C3D27F8-20B8-4D22-9F41-87787A7BC614}.RlsDscnctd|ARM.Build.0 = Release|Any CPU
		{1C3D27F8-20B8-4D22-9F41-87787A7BC614}.RlsDscnctd|Mixed Platforms.ActiveCfg = Release|x86
		{1C3D27F8-20B8-4D22-9F41-87787A7BC614}.RlsDscnctd|Mixed Platforms.Build.0 = Release|x86
		{1C3D27F8-20B8-4D22-9F41-87787A7BC614}.RlsDscnctd|x64.ActiveCfg = Release|Any CPU
		{1C3D27F8-20B8-4D22-9F41-87787A7BC614}.RlsDscnctd|x64.Build.0 = Release|Any CPU
		{1C3D27F8-20B8-4D22-9F41-87787A7BC614}.RlsDscnctd|x86.ActiveCfg = Release|x86
		{1C3D27F8-20B8-4D22-9F41-87787A7BC614}.RlsDscnctd|x86.Build.0 = Release|x86
		{DE491577-F6BA-45BF-B766-03B83FCEAADA}.Dbg_Fit_FileToDB_Dev|Any CPU.ActiveCfg = Debug|Any CPU
		{DE491577-F6BA-45BF-B766-03B83FCEAADA}.Dbg_Fit_FileToDB_Dev|Any CPU.Build.0 = Debug|Any CPU
		{DE491577-F6BA-45BF-B766-03B83FCEAADA}.Dbg_Fit_FileToDB_Dev|ARM.ActiveCfg = Debug|Any CPU
		{DE491577-F6BA-45BF-B766-03B83FCEAADA}.Dbg_Fit_FileToDB_Dev|ARM.Build.0 = Debug|Any CPU
		{DE491577-F6BA-45BF-B766-03B83FCEAADA}.Dbg_Fit_FileToDB_Dev|Mixed Platforms.ActiveCfg = Debug|x86
		{DE491577-F6BA-45BF-B766-03B83FCEAADA}.Dbg_Fit_FileToDB_Dev|Mixed Platforms.Build.0 = Debug|x86
		{DE491577-F6BA-45BF-B766-03B83FCEAADA}.Dbg_Fit_FileToDB_Dev|x64.ActiveCfg = Debug|x64
		{DE491577-F6BA-45BF-B766-03B83FCEAADA}.Dbg_Fit_FileToDB_Dev|x64.Build.0 = Debug|x64
		{DE491577-F6BA-45BF-B766-03B83FCEAADA}.Dbg_Fit_FileToDB_Dev|x86.ActiveCfg = Debug|x86
		{DE491577-F6BA-45BF-B766-03B83FCEAADA}.Dbg_Fit_FileToDB_Dev|x86.Build.0 = Debug|x86
		{DE491577-F6BA-45BF-B766-03B83FCEAADA}.DbgDscnctd|Any CPU.ActiveCfg = Debug|Any CPU
		{DE491577-F6BA-45BF-B766-03B83FCEAADA}.DbgDscnctd|Any CPU.Build.0 = Debug|Any CPU
		{DE491577-F6BA-45BF-B766-03B83FCEAADA}.DbgDscnctd|ARM.ActiveCfg = Debug|Any CPU
		{DE491577-F6BA-45BF-B766-03B83FCEAADA}.DbgDscnctd|ARM.Build.0 = Debug|Any CPU
		{DE491577-F6BA-45BF-B766-03B83FCEAADA}.DbgDscnctd|Mixed Platforms.ActiveCfg = Debug|x86
		{DE491577-F6BA-45BF-B766-03B83FCEAADA}.DbgDscnctd|Mixed Platforms.Build.0 = Debug|x86
		{DE491577-F6BA-45BF-B766-03B83FCEAADA}.DbgDscnctd|x64.ActiveCfg = Debug|x64
		{DE491577-F6BA-45BF-B766-03B83FCEAADA}.DbgDscnctd|x64.Build.0 = Debug|x64
		{DE491577-F6BA-45BF-B766-03B83FCEAADA}.DbgDscnctd|x86.ActiveCfg = Debug|x86
		{DE491577-F6BA-45BF-B766-03B83FCEAADA}.DbgDscnctd|x86.Build.0 = Debug|x86
		{DE491577-F6BA-45BF-B766-03B83FCEAADA}.Debug|Any CPU.ActiveCfg = Debug|Any CPU
		{DE491577-F6BA-45BF-B766-03B83FCEAADA}.Debug|Any CPU.Build.0 = Debug|Any CPU
		{DE491577-F6BA-45BF-B766-03B83FCEAADA}.Debug|ARM.ActiveCfg = Debug|Any CPU
		{DE491577-F6BA-45BF-B766-03B83FCEAADA}.Debug|ARM.Build.0 = Debug|Any CPU
		{DE491577-F6BA-45BF-B766-03B83FCEAADA}.Debug|Mixed Platforms.ActiveCfg = Debug|x86
		{DE491577-F6BA-45BF-B766-03B83FCEAADA}.Debug|Mixed Platforms.Build.0 = Debug|x86
		{DE491577-F6BA-45BF-B766-03B83FCEAADA}.Debug|x64.ActiveCfg = Debug|x64
		{DE491577-F6BA-45BF-B766-03B83FCEAADA}.Debug|x64.Build.0 = Debug|x64
		{DE491577-F6BA-45BF-B766-03B83FCEAADA}.Debug|x86.ActiveCfg = Debug|x86
		{DE491577-F6BA-45BF-B766-03B83FCEAADA}.Debug|x86.Build.0 = Debug|x86
		{DE491577-F6BA-45BF-B766-03B83FCEAADA}.DebugUI|Any CPU.ActiveCfg = Debug|Any CPU
		{DE491577-F6BA-45BF-B766-03B83FCEAADA}.DebugUI|Any CPU.Build.0 = Debug|Any CPU
		{DE491577-F6BA-45BF-B766-03B83FCEAADA}.DebugUI|ARM.ActiveCfg = Debug|Any CPU
		{DE491577-F6BA-45BF-B766-03B83FCEAADA}.DebugUI|ARM.Build.0 = Debug|Any CPU
		{DE491577-F6BA-45BF-B766-03B83FCEAADA}.DebugUI|Mixed Platforms.ActiveCfg = Debug|x86
		{DE491577-F6BA-45BF-B766-03B83FCEAADA}.DebugUI|Mixed Platforms.Build.0 = Debug|x86
		{DE491577-F6BA-45BF-B766-03B83FCEAADA}.DebugUI|x64.ActiveCfg = Debug|x64
		{DE491577-F6BA-45BF-B766-03B83FCEAADA}.DebugUI|x64.Build.0 = Debug|x64
		{DE491577-F6BA-45BF-B766-03B83FCEAADA}.DebugUI|x86.ActiveCfg = Debug|x86
		{DE491577-F6BA-45BF-B766-03B83FCEAADA}.DebugUI|x86.Build.0 = Debug|x86
		{DE491577-F6BA-45BF-B766-03B83FCEAADA}.Release|Any CPU.ActiveCfg = Release|Any CPU
		{DE491577-F6BA-45BF-B766-03B83FCEAADA}.Release|Any CPU.Build.0 = Release|Any CPU
		{DE491577-F6BA-45BF-B766-03B83FCEAADA}.Release|ARM.ActiveCfg = Release|Any CPU
		{DE491577-F6BA-45BF-B766-03B83FCEAADA}.Release|ARM.Build.0 = Release|Any CPU
		{DE491577-F6BA-45BF-B766-03B83FCEAADA}.Release|Mixed Platforms.ActiveCfg = Release|x86
		{DE491577-F6BA-45BF-B766-03B83FCEAADA}.Release|Mixed Platforms.Build.0 = Release|x86
		{DE491577-F6BA-45BF-B766-03B83FCEAADA}.Release|x64.ActiveCfg = Release|x64
		{DE491577-F6BA-45BF-B766-03B83FCEAADA}.Release|x64.Build.0 = Release|x64
		{DE491577-F6BA-45BF-B766-03B83FCEAADA}.Release|x86.ActiveCfg = Release|x86
		{DE491577-F6BA-45BF-B766-03B83FCEAADA}.Release|x86.Build.0 = Release|x86
		{DE491577-F6BA-45BF-B766-03B83FCEAADA}.ReleaseBeta|Any CPU.ActiveCfg = Release|Any CPU
		{DE491577-F6BA-45BF-B766-03B83FCEAADA}.ReleaseBeta|Any CPU.Build.0 = Release|Any CPU
		{DE491577-F6BA-45BF-B766-03B83FCEAADA}.ReleaseBeta|ARM.ActiveCfg = Release|Any CPU
		{DE491577-F6BA-45BF-B766-03B83FCEAADA}.ReleaseBeta|ARM.Build.0 = Release|Any CPU
		{DE491577-F6BA-45BF-B766-03B83FCEAADA}.ReleaseBeta|Mixed Platforms.ActiveCfg = Release|x86
		{DE491577-F6BA-45BF-B766-03B83FCEAADA}.ReleaseBeta|Mixed Platforms.Build.0 = Release|x86
		{DE491577-F6BA-45BF-B766-03B83FCEAADA}.ReleaseBeta|x64.ActiveCfg = Release|x64
		{DE491577-F6BA-45BF-B766-03B83FCEAADA}.ReleaseBeta|x64.Build.0 = Release|x64
		{DE491577-F6BA-45BF-B766-03B83FCEAADA}.ReleaseBeta|x86.ActiveCfg = Release|x86
		{DE491577-F6BA-45BF-B766-03B83FCEAADA}.ReleaseBeta|x86.Build.0 = Release|x86
		{DE491577-F6BA-45BF-B766-03B83FCEAADA}.RlsDscnctd|Any CPU.ActiveCfg = Release|Any CPU
		{DE491577-F6BA-45BF-B766-03B83FCEAADA}.RlsDscnctd|Any CPU.Build.0 = Release|Any CPU
		{DE491577-F6BA-45BF-B766-03B83FCEAADA}.RlsDscnctd|ARM.ActiveCfg = Release|Any CPU
		{DE491577-F6BA-45BF-B766-03B83FCEAADA}.RlsDscnctd|ARM.Build.0 = Release|Any CPU
		{DE491577-F6BA-45BF-B766-03B83FCEAADA}.RlsDscnctd|Mixed Platforms.ActiveCfg = Release|x86
		{DE491577-F6BA-45BF-B766-03B83FCEAADA}.RlsDscnctd|Mixed Platforms.Build.0 = Release|x86
		{DE491577-F6BA-45BF-B766-03B83FCEAADA}.RlsDscnctd|x64.ActiveCfg = Release|x64
		{DE491577-F6BA-45BF-B766-03B83FCEAADA}.RlsDscnctd|x64.Build.0 = Release|x64
		{DE491577-F6BA-45BF-B766-03B83FCEAADA}.RlsDscnctd|x86.ActiveCfg = Release|x86
		{DE491577-F6BA-45BF-B766-03B83FCEAADA}.RlsDscnctd|x86.Build.0 = Release|x86
		{1CE2C02F-5FA8-41CA-AC2E-BA91AB283A02}.Dbg_Fit_FileToDB_Dev|Any CPU.ActiveCfg = Debug|Any CPU
		{1CE2C02F-5FA8-41CA-AC2E-BA91AB283A02}.Dbg_Fit_FileToDB_Dev|Any CPU.Build.0 = Debug|Any CPU
		{1CE2C02F-5FA8-41CA-AC2E-BA91AB283A02}.Dbg_Fit_FileToDB_Dev|ARM.ActiveCfg = Debug|Any CPU
		{1CE2C02F-5FA8-41CA-AC2E-BA91AB283A02}.Dbg_Fit_FileToDB_Dev|ARM.Build.0 = Debug|Any CPU
		{1CE2C02F-5FA8-41CA-AC2E-BA91AB283A02}.Dbg_Fit_FileToDB_Dev|Mixed Platforms.ActiveCfg = Debug|x86
		{1CE2C02F-5FA8-41CA-AC2E-BA91AB283A02}.Dbg_Fit_FileToDB_Dev|Mixed Platforms.Build.0 = Debug|x86
		{1CE2C02F-5FA8-41CA-AC2E-BA91AB283A02}.Dbg_Fit_FileToDB_Dev|x64.ActiveCfg = Debug|x64
		{1CE2C02F-5FA8-41CA-AC2E-BA91AB283A02}.Dbg_Fit_FileToDB_Dev|x64.Build.0 = Debug|x64
		{1CE2C02F-5FA8-41CA-AC2E-BA91AB283A02}.Dbg_Fit_FileToDB_Dev|x86.ActiveCfg = Debug|x86
		{1CE2C02F-5FA8-41CA-AC2E-BA91AB283A02}.Dbg_Fit_FileToDB_Dev|x86.Build.0 = Debug|x86
		{1CE2C02F-5FA8-41CA-AC2E-BA91AB283A02}.DbgDscnctd|Any CPU.ActiveCfg = Debug|Any CPU
		{1CE2C02F-5FA8-41CA-AC2E-BA91AB283A02}.DbgDscnctd|Any CPU.Build.0 = Debug|Any CPU
		{1CE2C02F-5FA8-41CA-AC2E-BA91AB283A02}.DbgDscnctd|ARM.ActiveCfg = Debug|Any CPU
		{1CE2C02F-5FA8-41CA-AC2E-BA91AB283A02}.DbgDscnctd|ARM.Build.0 = Debug|Any CPU
		{1CE2C02F-5FA8-41CA-AC2E-BA91AB283A02}.DbgDscnctd|Mixed Platforms.ActiveCfg = Debug|x86
		{1CE2C02F-5FA8-41CA-AC2E-BA91AB283A02}.DbgDscnctd|Mixed Platforms.Build.0 = Debug|x86
		{1CE2C02F-5FA8-41CA-AC2E-BA91AB283A02}.DbgDscnctd|x64.ActiveCfg = Debug|x64
		{1CE2C02F-5FA8-41CA-AC2E-BA91AB283A02}.DbgDscnctd|x64.Build.0 = Debug|x64
		{1CE2C02F-5FA8-41CA-AC2E-BA91AB283A02}.DbgDscnctd|x86.ActiveCfg = Debug|x86
		{1CE2C02F-5FA8-41CA-AC2E-BA91AB283A02}.DbgDscnctd|x86.Build.0 = Debug|x86
		{1CE2C02F-5FA8-41CA-AC2E-BA91AB283A02}.Debug|Any CPU.ActiveCfg = Debug|Any CPU
		{1CE2C02F-5FA8-41CA-AC2E-BA91AB283A02}.Debug|Any CPU.Build.0 = Debug|Any CPU
		{1CE2C02F-5FA8-41CA-AC2E-BA91AB283A02}.Debug|ARM.ActiveCfg = Debug|Any CPU
		{1CE2C02F-5FA8-41CA-AC2E-BA91AB283A02}.Debug|ARM.Build.0 = Debug|Any CPU
		{1CE2C02F-5FA8-41CA-AC2E-BA91AB283A02}.Debug|Mixed Platforms.ActiveCfg = Debug|x86
		{1CE2C02F-5FA8-41CA-AC2E-BA91AB283A02}.Debug|Mixed Platforms.Build.0 = Debug|x86
		{1CE2C02F-5FA8-41CA-AC2E-BA91AB283A02}.Debug|x64.ActiveCfg = Debug|x64
		{1CE2C02F-5FA8-41CA-AC2E-BA91AB283A02}.Debug|x64.Build.0 = Debug|x64
		{1CE2C02F-5FA8-41CA-AC2E-BA91AB283A02}.Debug|x86.ActiveCfg = Debug|x86
		{1CE2C02F-5FA8-41CA-AC2E-BA91AB283A02}.Debug|x86.Build.0 = Debug|x86
		{1CE2C02F-5FA8-41CA-AC2E-BA91AB283A02}.DebugUI|Any CPU.ActiveCfg = Debug|Any CPU
		{1CE2C02F-5FA8-41CA-AC2E-BA91AB283A02}.DebugUI|Any CPU.Build.0 = Debug|Any CPU
		{1CE2C02F-5FA8-41CA-AC2E-BA91AB283A02}.DebugUI|ARM.ActiveCfg = Debug|Any CPU
		{1CE2C02F-5FA8-41CA-AC2E-BA91AB283A02}.DebugUI|ARM.Build.0 = Debug|Any CPU
		{1CE2C02F-5FA8-41CA-AC2E-BA91AB283A02}.DebugUI|Mixed Platforms.ActiveCfg = Debug|x86
		{1CE2C02F-5FA8-41CA-AC2E-BA91AB283A02}.DebugUI|Mixed Platforms.Build.0 = Debug|x86
		{1CE2C02F-5FA8-41CA-AC2E-BA91AB283A02}.DebugUI|x64.ActiveCfg = Debug|x64
		{1CE2C02F-5FA8-41CA-AC2E-BA91AB283A02}.DebugUI|x64.Build.0 = Debug|x64
		{1CE2C02F-5FA8-41CA-AC2E-BA91AB283A02}.DebugUI|x86.ActiveCfg = Debug|x86
		{1CE2C02F-5FA8-41CA-AC2E-BA91AB283A02}.DebugUI|x86.Build.0 = Debug|x86
		{1CE2C02F-5FA8-41CA-AC2E-BA91AB283A02}.Release|Any CPU.ActiveCfg = Release|Any CPU
		{1CE2C02F-5FA8-41CA-AC2E-BA91AB283A02}.Release|Any CPU.Build.0 = Release|Any CPU
		{1CE2C02F-5FA8-41CA-AC2E-BA91AB283A02}.Release|ARM.ActiveCfg = Release|Any CPU
		{1CE2C02F-5FA8-41CA-AC2E-BA91AB283A02}.Release|ARM.Build.0 = Release|Any CPU
		{1CE2C02F-5FA8-41CA-AC2E-BA91AB283A02}.Release|Mixed Platforms.ActiveCfg = Release|x86
		{1CE2C02F-5FA8-41CA-AC2E-BA91AB283A02}.Release|Mixed Platforms.Build.0 = Release|x86
		{1CE2C02F-5FA8-41CA-AC2E-BA91AB283A02}.Release|x64.ActiveCfg = Release|x64
		{1CE2C02F-5FA8-41CA-AC2E-BA91AB283A02}.Release|x64.Build.0 = Release|x64
		{1CE2C02F-5FA8-41CA-AC2E-BA91AB283A02}.Release|x86.ActiveCfg = Release|x86
		{1CE2C02F-5FA8-41CA-AC2E-BA91AB283A02}.Release|x86.Build.0 = Release|x86
		{1CE2C02F-5FA8-41CA-AC2E-BA91AB283A02}.ReleaseBeta|Any CPU.ActiveCfg = Release|Any CPU
		{1CE2C02F-5FA8-41CA-AC2E-BA91AB283A02}.ReleaseBeta|Any CPU.Build.0 = Release|Any CPU
		{1CE2C02F-5FA8-41CA-AC2E-BA91AB283A02}.ReleaseBeta|ARM.ActiveCfg = Release|Any CPU
		{1CE2C02F-5FA8-41CA-AC2E-BA91AB283A02}.ReleaseBeta|ARM.Build.0 = Release|Any CPU
		{1CE2C02F-5FA8-41CA-AC2E-BA91AB283A02}.ReleaseBeta|Mixed Platforms.ActiveCfg = Release|x86
		{1CE2C02F-5FA8-41CA-AC2E-BA91AB283A02}.ReleaseBeta|Mixed Platforms.Build.0 = Release|x86
		{1CE2C02F-5FA8-41CA-AC2E-BA91AB283A02}.ReleaseBeta|x64.ActiveCfg = Release|x64
		{1CE2C02F-5FA8-41CA-AC2E-BA91AB283A02}.ReleaseBeta|x64.Build.0 = Release|x64
		{1CE2C02F-5FA8-41CA-AC2E-BA91AB283A02}.ReleaseBeta|x86.ActiveCfg = Release|x86
		{1CE2C02F-5FA8-41CA-AC2E-BA91AB283A02}.ReleaseBeta|x86.Build.0 = Release|x86
		{1CE2C02F-5FA8-41CA-AC2E-BA91AB283A02}.RlsDscnctd|Any CPU.ActiveCfg = Release|Any CPU
		{1CE2C02F-5FA8-41CA-AC2E-BA91AB283A02}.RlsDscnctd|Any CPU.Build.0 = Release|Any CPU
		{1CE2C02F-5FA8-41CA-AC2E-BA91AB283A02}.RlsDscnctd|ARM.ActiveCfg = Release|Any CPU
		{1CE2C02F-5FA8-41CA-AC2E-BA91AB283A02}.RlsDscnctd|ARM.Build.0 = Release|Any CPU
		{1CE2C02F-5FA8-41CA-AC2E-BA91AB283A02}.RlsDscnctd|Mixed Platforms.ActiveCfg = Release|x86
		{1CE2C02F-5FA8-41CA-AC2E-BA91AB283A02}.RlsDscnctd|Mixed Platforms.Build.0 = Release|x86
		{1CE2C02F-5FA8-41CA-AC2E-BA91AB283A02}.RlsDscnctd|x64.ActiveCfg = Release|x64
		{1CE2C02F-5FA8-41CA-AC2E-BA91AB283A02}.RlsDscnctd|x64.Build.0 = Release|x64
		{1CE2C02F-5FA8-41CA-AC2E-BA91AB283A02}.RlsDscnctd|x86.ActiveCfg = Release|x86
		{1CE2C02F-5FA8-41CA-AC2E-BA91AB283A02}.RlsDscnctd|x86.Build.0 = Release|x86
		{62E489F8-CCAE-4984-A19D-03ABB8EB1854}.Dbg_Fit_FileToDB_Dev|Any CPU.ActiveCfg = Dbg_Fit_FileToDB_Dev|Any CPU
		{62E489F8-CCAE-4984-A19D-03ABB8EB1854}.Dbg_Fit_FileToDB_Dev|Any CPU.Build.0 = Dbg_Fit_FileToDB_Dev|Any CPU
		{62E489F8-CCAE-4984-A19D-03ABB8EB1854}.Dbg_Fit_FileToDB_Dev|ARM.ActiveCfg = Dbg_Fit_FileToDB_Dev|Any CPU
		{62E489F8-CCAE-4984-A19D-03ABB8EB1854}.Dbg_Fit_FileToDB_Dev|ARM.Build.0 = Dbg_Fit_FileToDB_Dev|Any CPU
		{62E489F8-CCAE-4984-A19D-03ABB8EB1854}.Dbg_Fit_FileToDB_Dev|Mixed Platforms.ActiveCfg = Dbg_Fit_FileToDB_Dev|x86
		{62E489F8-CCAE-4984-A19D-03ABB8EB1854}.Dbg_Fit_FileToDB_Dev|Mixed Platforms.Build.0 = Dbg_Fit_FileToDB_Dev|x86
		{62E489F8-CCAE-4984-A19D-03ABB8EB1854}.Dbg_Fit_FileToDB_Dev|x64.ActiveCfg = Dbg_Fit_FileToDB_Dev|Any CPU
		{62E489F8-CCAE-4984-A19D-03ABB8EB1854}.Dbg_Fit_FileToDB_Dev|x64.Build.0 = Dbg_Fit_FileToDB_Dev|Any CPU
		{62E489F8-CCAE-4984-A19D-03ABB8EB1854}.Dbg_Fit_FileToDB_Dev|x86.ActiveCfg = Dbg_Fit_FileToDB_Dev|x86
		{62E489F8-CCAE-4984-A19D-03ABB8EB1854}.Dbg_Fit_FileToDB_Dev|x86.Build.0 = Dbg_Fit_FileToDB_Dev|x86
		{62E489F8-CCAE-4984-A19D-03ABB8EB1854}.DbgDscnctd|Any CPU.ActiveCfg = Dbg_Fit_FileToDB_Dev|Any CPU
		{62E489F8-CCAE-4984-A19D-03ABB8EB1854}.DbgDscnctd|Any CPU.Build.0 = Dbg_Fit_FileToDB_Dev|Any CPU
		{62E489F8-CCAE-4984-A19D-03ABB8EB1854}.DbgDscnctd|ARM.ActiveCfg = Dbg_Fit_FileToDB_Dev|Any CPU
		{62E489F8-CCAE-4984-A19D-03ABB8EB1854}.DbgDscnctd|ARM.Build.0 = Dbg_Fit_FileToDB_Dev|Any CPU
		{62E489F8-CCAE-4984-A19D-03ABB8EB1854}.DbgDscnctd|Mixed Platforms.ActiveCfg = Dbg_Fit_FileToDB_Dev|x86
		{62E489F8-CCAE-4984-A19D-03ABB8EB1854}.DbgDscnctd|Mixed Platforms.Build.0 = Dbg_Fit_FileToDB_Dev|x86
		{62E489F8-CCAE-4984-A19D-03ABB8EB1854}.DbgDscnctd|x64.ActiveCfg = Dbg_Fit_FileToDB_Dev|Any CPU
		{62E489F8-CCAE-4984-A19D-03ABB8EB1854}.DbgDscnctd|x64.Build.0 = Dbg_Fit_FileToDB_Dev|Any CPU
		{62E489F8-CCAE-4984-A19D-03ABB8EB1854}.DbgDscnctd|x86.ActiveCfg = Dbg_Fit_FileToDB_Dev|x86
		{62E489F8-CCAE-4984-A19D-03ABB8EB1854}.DbgDscnctd|x86.Build.0 = Dbg_Fit_FileToDB_Dev|x86
		{62E489F8-CCAE-4984-A19D-03ABB8EB1854}.Debug|Any CPU.ActiveCfg = Debug|Any CPU
		{62E489F8-CCAE-4984-A19D-03ABB8EB1854}.Debug|Any CPU.Build.0 = Debug|Any CPU
		{62E489F8-CCAE-4984-A19D-03ABB8EB1854}.Debug|ARM.ActiveCfg = Debug|Any CPU
		{62E489F8-CCAE-4984-A19D-03ABB8EB1854}.Debug|ARM.Build.0 = Debug|Any CPU
		{62E489F8-CCAE-4984-A19D-03ABB8EB1854}.Debug|Mixed Platforms.ActiveCfg = Debug|x86
		{62E489F8-CCAE-4984-A19D-03ABB8EB1854}.Debug|Mixed Platforms.Build.0 = Debug|x86
		{62E489F8-CCAE-4984-A19D-03ABB8EB1854}.Debug|x64.ActiveCfg = Debug|Any CPU
		{62E489F8-CCAE-4984-A19D-03ABB8EB1854}.Debug|x64.Build.0 = Debug|Any CPU
		{62E489F8-CCAE-4984-A19D-03ABB8EB1854}.Debug|x86.ActiveCfg = Debug|x86
		{62E489F8-CCAE-4984-A19D-03ABB8EB1854}.Debug|x86.Build.0 = Debug|x86
		{62E489F8-CCAE-4984-A19D-03ABB8EB1854}.DebugUI|Any CPU.ActiveCfg = Debug|Any CPU
		{62E489F8-CCAE-4984-A19D-03ABB8EB1854}.DebugUI|Any CPU.Build.0 = Debug|Any CPU
		{62E489F8-CCAE-4984-A19D-03ABB8EB1854}.DebugUI|ARM.ActiveCfg = Debug|Any CPU
		{62E489F8-CCAE-4984-A19D-03ABB8EB1854}.DebugUI|ARM.Build.0 = Debug|Any CPU
		{62E489F8-CCAE-4984-A19D-03ABB8EB1854}.DebugUI|Mixed Platforms.ActiveCfg = Debug|x86
		{62E489F8-CCAE-4984-A19D-03ABB8EB1854}.DebugUI|Mixed Platforms.Build.0 = Debug|x86
		{62E489F8-CCAE-4984-A19D-03ABB8EB1854}.DebugUI|x64.ActiveCfg = Debug|Any CPU
		{62E489F8-CCAE-4984-A19D-03ABB8EB1854}.DebugUI|x64.Build.0 = Debug|Any CPU
		{62E489F8-CCAE-4984-A19D-03ABB8EB1854}.DebugUI|x86.ActiveCfg = Debug|x86
		{62E489F8-CCAE-4984-A19D-03ABB8EB1854}.DebugUI|x86.Build.0 = Debug|x86
		{62E489F8-CCAE-4984-A19D-03ABB8EB1854}.Release|Any CPU.ActiveCfg = Release|Any CPU
		{62E489F8-CCAE-4984-A19D-03ABB8EB1854}.Release|Any CPU.Build.0 = Release|Any CPU
		{62E489F8-CCAE-4984-A19D-03ABB8EB1854}.Release|ARM.ActiveCfg = Release|Any CPU
		{62E489F8-CCAE-4984-A19D-03ABB8EB1854}.Release|ARM.Build.0 = Release|Any CPU
		{62E489F8-CCAE-4984-A19D-03ABB8EB1854}.Release|Mixed Platforms.ActiveCfg = Release|x86
		{62E489F8-CCAE-4984-A19D-03ABB8EB1854}.Release|Mixed Platforms.Build.0 = Release|x86
		{62E489F8-CCAE-4984-A19D-03ABB8EB1854}.Release|x64.ActiveCfg = Release|Any CPU
		{62E489F8-CCAE-4984-A19D-03ABB8EB1854}.Release|x64.Build.0 = Release|Any CPU
		{62E489F8-CCAE-4984-A19D-03ABB8EB1854}.Release|x86.ActiveCfg = Release|x86
		{62E489F8-CCAE-4984-A19D-03ABB8EB1854}.Release|x86.Build.0 = Release|x86
		{62E489F8-CCAE-4984-A19D-03ABB8EB1854}.ReleaseBeta|Any CPU.ActiveCfg = ReleaseBeta|Any CPU
		{62E489F8-CCAE-4984-A19D-03ABB8EB1854}.ReleaseBeta|Any CPU.Build.0 = ReleaseBeta|Any CPU
		{62E489F8-CCAE-4984-A19D-03ABB8EB1854}.ReleaseBeta|ARM.ActiveCfg = ReleaseBeta|Any CPU
		{62E489F8-CCAE-4984-A19D-03ABB8EB1854}.ReleaseBeta|ARM.Build.0 = ReleaseBeta|Any CPU
		{62E489F8-CCAE-4984-A19D-03ABB8EB1854}.ReleaseBeta|Mixed Platforms.ActiveCfg = ReleaseBeta|x86
		{62E489F8-CCAE-4984-A19D-03ABB8EB1854}.ReleaseBeta|Mixed Platforms.Build.0 = ReleaseBeta|x86
		{62E489F8-CCAE-4984-A19D-03ABB8EB1854}.ReleaseBeta|x64.ActiveCfg = ReleaseBeta|Any CPU
		{62E489F8-CCAE-4984-A19D-03ABB8EB1854}.ReleaseBeta|x64.Build.0 = ReleaseBeta|Any CPU
		{62E489F8-CCAE-4984-A19D-03ABB8EB1854}.ReleaseBeta|x86.ActiveCfg = ReleaseBeta|x86
		{62E489F8-CCAE-4984-A19D-03ABB8EB1854}.ReleaseBeta|x86.Build.0 = ReleaseBeta|x86
		{62E489F8-CCAE-4984-A19D-03ABB8EB1854}.RlsDscnctd|Any CPU.ActiveCfg = Release|Any CPU
		{62E489F8-CCAE-4984-A19D-03ABB8EB1854}.RlsDscnctd|Any CPU.Build.0 = Release|Any CPU
		{62E489F8-CCAE-4984-A19D-03ABB8EB1854}.RlsDscnctd|ARM.ActiveCfg = Release|Any CPU
		{62E489F8-CCAE-4984-A19D-03ABB8EB1854}.RlsDscnctd|ARM.Build.0 = Release|Any CPU
		{62E489F8-CCAE-4984-A19D-03ABB8EB1854}.RlsDscnctd|Mixed Platforms.ActiveCfg = Release|x86
		{62E489F8-CCAE-4984-A19D-03ABB8EB1854}.RlsDscnctd|Mixed Platforms.Build.0 = Release|x86
		{62E489F8-CCAE-4984-A19D-03ABB8EB1854}.RlsDscnctd|x64.ActiveCfg = Release|Any CPU
		{62E489F8-CCAE-4984-A19D-03ABB8EB1854}.RlsDscnctd|x64.Build.0 = Release|Any CPU
		{62E489F8-CCAE-4984-A19D-03ABB8EB1854}.RlsDscnctd|x86.ActiveCfg = Release|x86
		{62E489F8-CCAE-4984-A19D-03ABB8EB1854}.RlsDscnctd|x86.Build.0 = Release|x86
		{175D8A5C-519D-4A1F-8B6E-D822A0717680}.Dbg_Fit_FileToDB_Dev|Any CPU.ActiveCfg = Dbg_Fit_FileToDB_Dev|Any CPU
		{175D8A5C-519D-4A1F-8B6E-D822A0717680}.Dbg_Fit_FileToDB_Dev|Any CPU.Build.0 = Dbg_Fit_FileToDB_Dev|Any CPU
		{175D8A5C-519D-4A1F-8B6E-D822A0717680}.Dbg_Fit_FileToDB_Dev|ARM.ActiveCfg = Dbg_Fit_FileToDB_Dev|Any CPU
		{175D8A5C-519D-4A1F-8B6E-D822A0717680}.Dbg_Fit_FileToDB_Dev|ARM.Build.0 = Dbg_Fit_FileToDB_Dev|Any CPU
		{175D8A5C-519D-4A1F-8B6E-D822A0717680}.Dbg_Fit_FileToDB_Dev|Mixed Platforms.ActiveCfg = Dbg_Fit_FileToDB_Dev|x86
		{175D8A5C-519D-4A1F-8B6E-D822A0717680}.Dbg_Fit_FileToDB_Dev|Mixed Platforms.Build.0 = Dbg_Fit_FileToDB_Dev|x86
		{175D8A5C-519D-4A1F-8B6E-D822A0717680}.Dbg_Fit_FileToDB_Dev|x64.ActiveCfg = Dbg_Fit_FileToDB_Dev|x64
		{175D8A5C-519D-4A1F-8B6E-D822A0717680}.Dbg_Fit_FileToDB_Dev|x64.Build.0 = Dbg_Fit_FileToDB_Dev|x64
		{175D8A5C-519D-4A1F-8B6E-D822A0717680}.Dbg_Fit_FileToDB_Dev|x86.ActiveCfg = Dbg_Fit_FileToDB_Dev|x86
		{175D8A5C-519D-4A1F-8B6E-D822A0717680}.Dbg_Fit_FileToDB_Dev|x86.Build.0 = Dbg_Fit_FileToDB_Dev|x86
		{175D8A5C-519D-4A1F-8B6E-D822A0717680}.DbgDscnctd|Any CPU.ActiveCfg = DbgDscnctd|Any CPU
		{175D8A5C-519D-4A1F-8B6E-D822A0717680}.DbgDscnctd|Any CPU.Build.0 = DbgDscnctd|Any CPU
		{175D8A5C-519D-4A1F-8B6E-D822A0717680}.DbgDscnctd|ARM.ActiveCfg = DbgDscnctd|Any CPU
		{175D8A5C-519D-4A1F-8B6E-D822A0717680}.DbgDscnctd|ARM.Build.0 = DbgDscnctd|Any CPU
		{175D8A5C-519D-4A1F-8B6E-D822A0717680}.DbgDscnctd|Mixed Platforms.ActiveCfg = DbgDscnctd|x86
		{175D8A5C-519D-4A1F-8B6E-D822A0717680}.DbgDscnctd|Mixed Platforms.Build.0 = DbgDscnctd|x86
		{175D8A5C-519D-4A1F-8B6E-D822A0717680}.DbgDscnctd|x64.ActiveCfg = DbgDscnctd|x64
		{175D8A5C-519D-4A1F-8B6E-D822A0717680}.DbgDscnctd|x64.Build.0 = DbgDscnctd|x64
		{175D8A5C-519D-4A1F-8B6E-D822A0717680}.DbgDscnctd|x86.ActiveCfg = DbgDscnctd|x86
		{175D8A5C-519D-4A1F-8B6E-D822A0717680}.DbgDscnctd|x86.Build.0 = DbgDscnctd|x86
		{175D8A5C-519D-4A1F-8B6E-D822A0717680}.Debug|Any CPU.ActiveCfg = Debug|Any CPU
		{175D8A5C-519D-4A1F-8B6E-D822A0717680}.Debug|Any CPU.Build.0 = Debug|Any CPU
		{175D8A5C-519D-4A1F-8B6E-D822A0717680}.Debug|ARM.ActiveCfg = Debug|Any CPU
		{175D8A5C-519D-4A1F-8B6E-D822A0717680}.Debug|ARM.Build.0 = Debug|Any CPU
		{175D8A5C-519D-4A1F-8B6E-D822A0717680}.Debug|Mixed Platforms.ActiveCfg = Debug|x86
		{175D8A5C-519D-4A1F-8B6E-D822A0717680}.Debug|Mixed Platforms.Build.0 = Debug|x86
		{175D8A5C-519D-4A1F-8B6E-D822A0717680}.Debug|x64.ActiveCfg = Debug|x64
		{175D8A5C-519D-4A1F-8B6E-D822A0717680}.Debug|x64.Build.0 = Debug|x64
		{175D8A5C-519D-4A1F-8B6E-D822A0717680}.Debug|x86.ActiveCfg = Debug|x86
		{175D8A5C-519D-4A1F-8B6E-D822A0717680}.Debug|x86.Build.0 = Debug|x86
		{175D8A5C-519D-4A1F-8B6E-D822A0717680}.DebugUI|Any CPU.ActiveCfg = DebugUI|Any CPU
		{175D8A5C-519D-4A1F-8B6E-D822A0717680}.DebugUI|Any CPU.Build.0 = DebugUI|Any CPU
		{175D8A5C-519D-4A1F-8B6E-D822A0717680}.DebugUI|ARM.ActiveCfg = DebugUI|Any CPU
		{175D8A5C-519D-4A1F-8B6E-D822A0717680}.DebugUI|ARM.Build.0 = DebugUI|Any CPU
		{175D8A5C-519D-4A1F-8B6E-D822A0717680}.DebugUI|Mixed Platforms.ActiveCfg = DebugUI|x86
		{175D8A5C-519D-4A1F-8B6E-D822A0717680}.DebugUI|Mixed Platforms.Build.0 = DebugUI|x86
		{175D8A5C-519D-4A1F-8B6E-D822A0717680}.DebugUI|x64.ActiveCfg = DebugUI|x64
		{175D8A5C-519D-4A1F-8B6E-D822A0717680}.DebugUI|x64.Build.0 = DebugUI|x64
		{175D8A5C-519D-4A1F-8B6E-D822A0717680}.DebugUI|x86.ActiveCfg = DebugUI|x86
		{175D8A5C-519D-4A1F-8B6E-D822A0717680}.DebugUI|x86.Build.0 = DebugUI|x86
		{175D8A5C-519D-4A1F-8B6E-D822A0717680}.Release|Any CPU.ActiveCfg = Release|Any CPU
		{175D8A5C-519D-4A1F-8B6E-D822A0717680}.Release|Any CPU.Build.0 = Release|Any CPU
		{175D8A5C-519D-4A1F-8B6E-D822A0717680}.Release|ARM.ActiveCfg = Release|Any CPU
		{175D8A5C-519D-4A1F-8B6E-D822A0717680}.Release|ARM.Build.0 = Release|Any CPU
		{175D8A5C-519D-4A1F-8B6E-D822A0717680}.Release|Mixed Platforms.ActiveCfg = Release|x86
		{175D8A5C-519D-4A1F-8B6E-D822A0717680}.Release|Mixed Platforms.Build.0 = Release|x86
		{175D8A5C-519D-4A1F-8B6E-D822A0717680}.Release|x64.ActiveCfg = Release|x64
		{175D8A5C-519D-4A1F-8B6E-D822A0717680}.Release|x64.Build.0 = Release|x64
		{175D8A5C-519D-4A1F-8B6E-D822A0717680}.Release|x86.ActiveCfg = Release|x86
		{175D8A5C-519D-4A1F-8B6E-D822A0717680}.Release|x86.Build.0 = Release|x86
		{175D8A5C-519D-4A1F-8B6E-D822A0717680}.ReleaseBeta|Any CPU.ActiveCfg = ReleaseBeta|Any CPU
		{175D8A5C-519D-4A1F-8B6E-D822A0717680}.ReleaseBeta|Any CPU.Build.0 = ReleaseBeta|Any CPU
		{175D8A5C-519D-4A1F-8B6E-D822A0717680}.ReleaseBeta|ARM.ActiveCfg = ReleaseBeta|Any CPU
		{175D8A5C-519D-4A1F-8B6E-D822A0717680}.ReleaseBeta|ARM.Build.0 = ReleaseBeta|Any CPU
		{175D8A5C-519D-4A1F-8B6E-D822A0717680}.ReleaseBeta|Mixed Platforms.ActiveCfg = ReleaseBeta|x86
		{175D8A5C-519D-4A1F-8B6E-D822A0717680}.ReleaseBeta|Mixed Platforms.Build.0 = ReleaseBeta|x86
		{175D8A5C-519D-4A1F-8B6E-D822A0717680}.ReleaseBeta|x64.ActiveCfg = ReleaseBeta|x64
		{175D8A5C-519D-4A1F-8B6E-D822A0717680}.ReleaseBeta|x64.Build.0 = ReleaseBeta|x64
		{175D8A5C-519D-4A1F-8B6E-D822A0717680}.ReleaseBeta|x86.ActiveCfg = ReleaseBeta|x86
		{175D8A5C-519D-4A1F-8B6E-D822A0717680}.ReleaseBeta|x86.Build.0 = ReleaseBeta|x86
		{175D8A5C-519D-4A1F-8B6E-D822A0717680}.RlsDscnctd|Any CPU.ActiveCfg = RlsDscnctd|Any CPU
		{175D8A5C-519D-4A1F-8B6E-D822A0717680}.RlsDscnctd|Any CPU.Build.0 = RlsDscnctd|Any CPU
		{175D8A5C-519D-4A1F-8B6E-D822A0717680}.RlsDscnctd|ARM.ActiveCfg = RlsDscnctd|Any CPU
		{175D8A5C-519D-4A1F-8B6E-D822A0717680}.RlsDscnctd|ARM.Build.0 = RlsDscnctd|Any CPU
		{175D8A5C-519D-4A1F-8B6E-D822A0717680}.RlsDscnctd|Mixed Platforms.ActiveCfg = RlsDscnctd|x86
		{175D8A5C-519D-4A1F-8B6E-D822A0717680}.RlsDscnctd|Mixed Platforms.Build.0 = RlsDscnctd|x86
		{175D8A5C-519D-4A1F-8B6E-D822A0717680}.RlsDscnctd|x64.ActiveCfg = RlsDscnctd|x64
		{175D8A5C-519D-4A1F-8B6E-D822A0717680}.RlsDscnctd|x64.Build.0 = RlsDscnctd|x64
		{175D8A5C-519D-4A1F-8B6E-D822A0717680}.RlsDscnctd|x86.ActiveCfg = RlsDscnctd|x86
		{175D8A5C-519D-4A1F-8B6E-D822A0717680}.RlsDscnctd|x86.Build.0 = RlsDscnctd|x86
	EndGlobalSection
	GlobalSection(SolutionProperties) = preSolution
		HideSolutionNode = FALSE
	EndGlobalSection
	GlobalSection(ExtensibilityGlobals) = postSolution
		SolutionGuid = {F8FF00DB-3D72-4B0B-A787-401B6A2E62EE}
	EndGlobalSection
EndGlobal
